// !$*UTF8*$!
{
	archiveVersion = 1;
	classes = {
	};
	objectVersion = 45;
	objects = {

/* Begin PBXBuildFile section */
		1D3623260D0F684500981E51 /* radio3AppDelegate.m in Sources */ = {isa = PBXBuildFile; fileRef = 1D3623250D0F684500981E51 /* radio3AppDelegate.m */; };
		1D60589B0D05DD56006BFB54 /* main.m in Sources */ = {isa = PBXBuildFile; fileRef = 29B97316FDCFA39411CA2CEA /* main.m */; };
		2899E5220DE3E06400AC0155 /* radio3ViewController.xib in Resources */ = {isa = PBXBuildFile; fileRef = 2899E5210DE3E06400AC0155 /* radio3ViewController.xib */; };
		28AD733F0D9D9553002E5188 /* MainWindow.xib in Resources */ = {isa = PBXBuildFile; fileRef = 28AD733E0D9D9553002E5188 /* MainWindow.xib */; };
		28D7ACF80DDB3853001CB0EB /* radio3ViewController.m in Sources */ = {isa = PBXBuildFile; fileRef = 28D7ACF70DDB3853001CB0EB /* radio3ViewController.m */; };
		651606940ED883BC0031CDBE /* rowBackground.png in Resources */ = {isa = PBXBuildFile; fileRef = 651606930ED883BC0031CDBE /* rowBackground.png */; };
		651606CA0ED8A2C00031CDBE /* play.png in Resources */ = {isa = PBXBuildFile; fileRef = 651606C90ED8A2C00031CDBE /* play.png */; };
		651606CD0ED8A5D70031CDBE /* pause.png in Resources */ = {isa = PBXBuildFile; fileRef = 651606CC0ED8A5D70031CDBE /* pause.png */; };
		65255AD90EE574C100F4142C /* play-hl.png in Resources */ = {isa = PBXBuildFile; fileRef = 65255AD80EE574C100F4142C /* play-hl.png */; };
		6534D1710EDCA968008B1124 /* volume-thumb.png in Resources */ = {isa = PBXBuildFile; fileRef = 6534D16F0EDCA968008B1124 /* volume-thumb.png */; };
		6534D1720EDCA968008B1124 /* volume-track.png in Resources */ = {isa = PBXBuildFile; fileRef = 6534D1700EDCA968008B1124 /* volume-track.png */; };
		654B1E560ECDFDD500E28E7E /* RNM3UParser.m in Sources */ = {isa = PBXBuildFile; fileRef = 654B1E550ECDFDD500E28E7E /* RNM3UParser.m */; };
		656A605E0EF196EF004CE686 /* iTunesArtwork in Resources */ = {isa = PBXBuildFile; fileRef = 656A605C0EF196DF004CE686 /* iTunesArtwork */; };
		6576DD330EEF2992004370D6 /* altavoz-on.png in Resources */ = {isa = PBXBuildFile; fileRef = 6576DD320EEF2992004370D6 /* altavoz-on.png */; };
		6581FAD10EE6CD9100441607 /* pause-hl.png in Resources */ = {isa = PBXBuildFile; fileRef = 6581FAD00EE6CD9100441607 /* pause-hl.png */; };
		6581FB3A0EE73DF700441607 /* loading_0.png in Resources */ = {isa = PBXBuildFile; fileRef = 6581FB360EE73DF700441607 /* loading_0.png */; };
		6581FB3B0EE73DF700441607 /* loading_1.png in Resources */ = {isa = PBXBuildFile; fileRef = 6581FB370EE73DF700441607 /* loading_1.png */; };
		6581FB3C0EE73DF700441607 /* loading_2.png in Resources */ = {isa = PBXBuildFile; fileRef = 6581FB380EE73DF700441607 /* loading_2.png */; };
		6581FB3D0EE73DF700441607 /* loading_3.png in Resources */ = {isa = PBXBuildFile; fileRef = 6581FB390EE73DF700441607 /* loading_3.png */; };
		658687900ECF023100EB9D99 /* GTMIPhoneUnitTestDelegate.m in Sources */ = {isa = PBXBuildFile; fileRef = 6586878C0ECF023100EB9D99 /* GTMIPhoneUnitTestDelegate.m */; };
		658687910ECF023100EB9D99 /* GTMIPhoneUnitTestMain.m in Sources */ = {isa = PBXBuildFile; fileRef = 6586878D0ECF023100EB9D99 /* GTMIPhoneUnitTestMain.m */; };
		658687920ECF023100EB9D99 /* GTMSenTestCase.m in Sources */ = {isa = PBXBuildFile; fileRef = 6586878F0ECF023100EB9D99 /* GTMSenTestCase.m */; };
		658687A00ECF03A000EB9D99 /* RNM3UParser.m in Sources */ = {isa = PBXBuildFile; fileRef = 654B1E550ECDFDD500E28E7E /* RNM3UParser.m */; };
		658687A30ECF040200EB9D99 /* RNM3UParserTest.m in Sources */ = {isa = PBXBuildFile; fileRef = 658687A20ECF040200EB9D99 /* RNM3UParserTest.m */; };
		65AC95670ED4AEEF00ADD701 /* radios.plist in Resources */ = {isa = PBXBuildFile; fileRef = 65AC95660ED4AEEF00ADD701 /* radios.plist */; };
		65C452940EED3D77006AB1DD /* Reachability.m in Sources */ = {isa = PBXBuildFile; fileRef = 65C452930EED3D77006AB1DD /* Reachability.m */; };
		65C452B90EED473E006AB1DD /* SystemConfiguration.framework in Frameworks */ = {isa = PBXBuildFile; fileRef = 65C452B80EED473E006AB1DD /* SystemConfiguration.framework */; };
		65D36A010ED9FD36009A548C /* altavoz.png in Resources */ = {isa = PBXBuildFile; fileRef = 65D36A000ED9FD36009A548C /* altavoz.png */; };
		65E102F10EE06051009FA316 /* InfoView.xib in Resources */ = {isa = PBXBuildFile; fileRef = 65E102F00EE06051009FA316 /* InfoView.xib */; };
		65E1033A0EE069B3009FA316 /* RadiosView.xib in Resources */ = {isa = PBXBuildFile; fileRef = 65E103390EE069B3009FA316 /* RadiosView.xib */; };
		A72D13BD0EC7A06800CBB890 /* Default.png in Resources */ = {isa = PBXBuildFile; fileRef = A72D13BC0EC7A06800CBB890 /* Default.png */; };
		A73C066A0EC851E700A1B6F5 /* background.png in Resources */ = {isa = PBXBuildFile; fileRef = A73C06690EC851E700A1B6F5 /* background.png */; };
		A756BCB60EE9497200BECFFA /* entl.plist in Resources */ = {isa = PBXBuildFile; fileRef = A756BCB50EE9497200BECFFA /* entl.plist */; };
		A7A28D8B0EC7781700963966 /* Icon.png in Resources */ = {isa = PBXBuildFile; fileRef = A7A28D8A0EC7781700963966 /* Icon.png */; };
		A7E7611A0EE9C4BF00E2F2BE /* AudioToolbox.framework in Frameworks */ = {isa = PBXBuildFile; fileRef = A7E761150EE9C4BF00E2F2BE /* AudioToolbox.framework */; };
		A7E7611B0EE9C4BF00E2F2BE /* CoreGraphics.framework in Frameworks */ = {isa = PBXBuildFile; fileRef = A7E761160EE9C4BF00E2F2BE /* CoreGraphics.framework */; };
		A7E7611D0EE9C4BF00E2F2BE /* Security.framework in Frameworks */ = {isa = PBXBuildFile; fileRef = A7E761180EE9C4BF00E2F2BE /* Security.framework */; };
		A7E7611E0EE9C4BF00E2F2BE /* UIKit.framework in Frameworks */ = {isa = PBXBuildFile; fileRef = A7E761190EE9C4BF00E2F2BE /* UIKit.framework */; };
		A7E761730EE9C5F100E2F2BE /* Foundation.framework in Frameworks */ = {isa = PBXBuildFile; fileRef = A7E761720EE9C5F100E2F2BE /* Foundation.framework */; };
		A7EF8EB70EC6E85A004FE559 /* AudioClass.m in Sources */ = {isa = PBXBuildFile; fileRef = A7EF8EB60EC6E85A004FE559 /* AudioClass.m */; };
/* End PBXBuildFile section */

/* Begin PBXFileReference section */
		1D3623240D0F684500981E51 /* radio3AppDelegate.h */ = {isa = PBXFileReference; fileEncoding = 4; lastKnownFileType = sourcecode.c.h; path = radio3AppDelegate.h; sourceTree = "<group>"; };
		1D3623250D0F684500981E51 /* radio3AppDelegate.m */ = {isa = PBXFileReference; fileEncoding = 4; lastKnownFileType = sourcecode.c.objc; path = radio3AppDelegate.m; sourceTree = "<group>"; };
		1D6058910D05DD3D006BFB54 /* RNE Radio.app */ = {isa = PBXFileReference; explicitFileType = wrapper.application; includeInIndex = 0; path = "RNE Radio.app"; sourceTree = BUILT_PRODUCTS_DIR; };
		2899E5210DE3E06400AC0155 /* radio3ViewController.xib */ = {isa = PBXFileReference; lastKnownFileType = file.xib; path = radio3ViewController.xib; sourceTree = "<group>"; };
		28AD733E0D9D9553002E5188 /* MainWindow.xib */ = {isa = PBXFileReference; lastKnownFileType = file.xib; path = MainWindow.xib; sourceTree = "<group>"; };
		28D7ACF60DDB3853001CB0EB /* radio3ViewController.h */ = {isa = PBXFileReference; fileEncoding = 4; lastKnownFileType = sourcecode.c.h; path = radio3ViewController.h; sourceTree = "<group>"; };
		28D7ACF70DDB3853001CB0EB /* radio3ViewController.m */ = {isa = PBXFileReference; fileEncoding = 4; lastKnownFileType = sourcecode.c.objc; path = radio3ViewController.m; sourceTree = "<group>"; };
		29B97316FDCFA39411CA2CEA /* main.m */ = {isa = PBXFileReference; fileEncoding = 4; lastKnownFileType = sourcecode.c.objc; path = main.m; sourceTree = "<group>"; };
		32CA4F630368D1EE00C91783 /* radio3_Prefix.pch */ = {isa = PBXFileReference; fileEncoding = 4; lastKnownFileType = sourcecode.c.h; path = radio3_Prefix.pch; sourceTree = "<group>"; };
		651606930ED883BC0031CDBE /* rowBackground.png */ = {isa = PBXFileReference; lastKnownFileType = image.png; path = rowBackground.png; sourceTree = "<group>"; };
		651606C90ED8A2C00031CDBE /* play.png */ = {isa = PBXFileReference; lastKnownFileType = image.png; path = play.png; sourceTree = "<group>"; };
		651606CC0ED8A5D70031CDBE /* pause.png */ = {isa = PBXFileReference; lastKnownFileType = image.png; path = pause.png; sourceTree = "<group>"; };
		65255AD80EE574C100F4142C /* play-hl.png */ = {isa = PBXFileReference; lastKnownFileType = image.png; path = "play-hl.png"; sourceTree = "<group>"; };
		6534D16F0EDCA968008B1124 /* volume-thumb.png */ = {isa = PBXFileReference; lastKnownFileType = image.png; path = "volume-thumb.png"; sourceTree = "<group>"; };
		6534D1700EDCA968008B1124 /* volume-track.png */ = {isa = PBXFileReference; lastKnownFileType = image.png; path = "volume-track.png"; sourceTree = "<group>"; };
		654B1E540ECDFDD500E28E7E /* RNM3UParser.h */ = {isa = PBXFileReference; fileEncoding = 4; lastKnownFileType = sourcecode.c.h; path = RNM3UParser.h; sourceTree = "<group>"; };
		654B1E550ECDFDD500E28E7E /* RNM3UParser.m */ = {isa = PBXFileReference; fileEncoding = 4; lastKnownFileType = sourcecode.c.objc; path = RNM3UParser.m; sourceTree = "<group>"; };
		656A605C0EF196DF004CE686 /* iTunesArtwork */ = {isa = PBXFileReference; lastKnownFileType = file; path = iTunesArtwork; sourceTree = "<group>"; };
		6576DD320EEF2992004370D6 /* altavoz-on.png */ = {isa = PBXFileReference; lastKnownFileType = image.png; path = "altavoz-on.png"; sourceTree = "<group>"; };
		6581FAD00EE6CD9100441607 /* pause-hl.png */ = {isa = PBXFileReference; lastKnownFileType = image.png; path = "pause-hl.png"; sourceTree = "<group>"; };
		6581FB360EE73DF700441607 /* loading_0.png */ = {isa = PBXFileReference; lastKnownFileType = image.png; path = loading_0.png; sourceTree = "<group>"; };
		6581FB370EE73DF700441607 /* loading_1.png */ = {isa = PBXFileReference; lastKnownFileType = image.png; path = loading_1.png; sourceTree = "<group>"; };
		6581FB380EE73DF700441607 /* loading_2.png */ = {isa = PBXFileReference; lastKnownFileType = image.png; path = loading_2.png; sourceTree = "<group>"; };
		6581FB390EE73DF700441607 /* loading_3.png */ = {isa = PBXFileReference; lastKnownFileType = image.png; path = loading_3.png; sourceTree = "<group>"; };
		658687530ECEFB9100EB9D99 /* Unit tests.app */ = {isa = PBXFileReference; explicitFileType = wrapper.application; includeInIndex = 0; path = "Unit tests.app"; sourceTree = BUILT_PRODUCTS_DIR; };
		658687550ECEFB9100EB9D99 /* Unit tests-Info.plist */ = {isa = PBXFileReference; lastKnownFileType = text.plist.xml; path = "Unit tests-Info.plist"; sourceTree = "<group>"; };
		6586878A0ECF021A00EB9D99 /* GTMDefines.h */ = {isa = PBXFileReference; fileEncoding = 4; lastKnownFileType = sourcecode.c.h; name = GTMDefines.h; path = GTM/GTMDefines.h; sourceTree = "<group>"; };
		6586878B0ECF023100EB9D99 /* GTMIPhoneUnitTestDelegate.h */ = {isa = PBXFileReference; fileEncoding = 4; lastKnownFileType = sourcecode.c.h; name = GTMIPhoneUnitTestDelegate.h; path = GTM/GTMIPhoneUnitTestDelegate.h; sourceTree = "<group>"; };
		6586878C0ECF023100EB9D99 /* GTMIPhoneUnitTestDelegate.m */ = {isa = PBXFileReference; fileEncoding = 4; lastKnownFileType = sourcecode.c.objc; name = GTMIPhoneUnitTestDelegate.m; path = GTM/GTMIPhoneUnitTestDelegate.m; sourceTree = "<group>"; };
		6586878D0ECF023100EB9D99 /* GTMIPhoneUnitTestMain.m */ = {isa = PBXFileReference; fileEncoding = 4; lastKnownFileType = sourcecode.c.objc; name = GTMIPhoneUnitTestMain.m; path = GTM/GTMIPhoneUnitTestMain.m; sourceTree = "<group>"; };
		6586878E0ECF023100EB9D99 /* GTMSenTestCase.h */ = {isa = PBXFileReference; fileEncoding = 4; lastKnownFileType = sourcecode.c.h; name = GTMSenTestCase.h; path = GTM/GTMSenTestCase.h; sourceTree = "<group>"; };
		6586878F0ECF023100EB9D99 /* GTMSenTestCase.m */ = {isa = PBXFileReference; fileEncoding = 4; lastKnownFileType = sourcecode.c.objc; name = GTMSenTestCase.m; path = GTM/GTMSenTestCase.m; sourceTree = "<group>"; };
		658687A10ECF040200EB9D99 /* RNM3UParserTest.h */ = {isa = PBXFileReference; fileEncoding = 4; lastKnownFileType = sourcecode.c.h; name = RNM3UParserTest.h; path = Test/RNM3UParserTest.h; sourceTree = "<group>"; };
		658687A20ECF040200EB9D99 /* RNM3UParserTest.m */ = {isa = PBXFileReference; fileEncoding = 4; lastKnownFileType = sourcecode.c.objc; name = RNM3UParserTest.m; path = Test/RNM3UParserTest.m; sourceTree = "<group>"; };
		65AC95660ED4AEEF00ADD701 /* radios.plist */ = {isa = PBXFileReference; fileEncoding = 4; lastKnownFileType = text.plist.xml; path = radios.plist; sourceTree = "<group>"; };
		65C452920EED3D77006AB1DD /* Reachability.h */ = {isa = PBXFileReference; fileEncoding = 4; lastKnownFileType = sourcecode.c.h; path = Reachability.h; sourceTree = "<group>"; };
		65C452930EED3D77006AB1DD /* Reachability.m */ = {isa = PBXFileReference; fileEncoding = 4; lastKnownFileType = sourcecode.c.objc; path = Reachability.m; sourceTree = "<group>"; };
		65C452B80EED473E006AB1DD /* SystemConfiguration.framework */ = {isa = PBXFileReference; lastKnownFileType = wrapper.framework; name = SystemConfiguration.framework; path = System/Library/Frameworks/SystemConfiguration.framework; sourceTree = SDKROOT; };
		65D36A000ED9FD36009A548C /* altavoz.png */ = {isa = PBXFileReference; lastKnownFileType = image.png; path = altavoz.png; sourceTree = "<group>"; };
		65E102F00EE06051009FA316 /* InfoView.xib */ = {isa = PBXFileReference; lastKnownFileType = file.xib; path = InfoView.xib; sourceTree = "<group>"; };
		65E103390EE069B3009FA316 /* RadiosView.xib */ = {isa = PBXFileReference; lastKnownFileType = file.xib; path = RadiosView.xib; sourceTree = "<group>"; };
		8D1107310486CEB800E47090 /* Info.plist */ = {isa = PBXFileReference; fileEncoding = 4; lastKnownFileType = text.plist.xml; path = Info.plist; sourceTree = "<group>"; };
		A72D13BC0EC7A06800CBB890 /* Default.png */ = {isa = PBXFileReference; lastKnownFileType = image.png; path = Default.png; sourceTree = "<group>"; };
		A73C06690EC851E700A1B6F5 /* background.png */ = {isa = PBXFileReference; lastKnownFileType = image.png; path = background.png; sourceTree = "<group>"; };
		A756BCB50EE9497200BECFFA /* entl.plist */ = {isa = PBXFileReference; fileEncoding = 4; lastKnownFileType = text.plist.xml; path = entl.plist; sourceTree = "<group>"; };
		A7A28D8A0EC7781700963966 /* Icon.png */ = {isa = PBXFileReference; lastKnownFileType = image.png; path = Icon.png; sourceTree = "<group>"; };
		A7E761150EE9C4BF00E2F2BE /* AudioToolbox.framework */ = {isa = PBXFileReference; lastKnownFileType = wrapper.framework; name = AudioToolbox.framework; path = System/Library/Frameworks/AudioToolbox.framework; sourceTree = SDKROOT; };
		A7E761160EE9C4BF00E2F2BE /* CoreGraphics.framework */ = {isa = PBXFileReference; lastKnownFileType = wrapper.framework; name = CoreGraphics.framework; path = System/Library/Frameworks/CoreGraphics.framework; sourceTree = SDKROOT; };
		A7E761180EE9C4BF00E2F2BE /* Security.framework */ = {isa = PBXFileReference; lastKnownFileType = wrapper.framework; name = Security.framework; path = System/Library/Frameworks/Security.framework; sourceTree = SDKROOT; };
		A7E761190EE9C4BF00E2F2BE /* UIKit.framework */ = {isa = PBXFileReference; lastKnownFileType = wrapper.framework; name = UIKit.framework; path = System/Library/Frameworks/UIKit.framework; sourceTree = SDKROOT; };
		A7E761720EE9C5F100E2F2BE /* Foundation.framework */ = {isa = PBXFileReference; lastKnownFileType = wrapper.framework; name = Foundation.framework; path = System/Library/Frameworks/Foundation.framework; sourceTree = SDKROOT; };
		A7EF8EB50EC6E85A004FE559 /* AudioClass.h */ = {isa = PBXFileReference; fileEncoding = 4; lastKnownFileType = sourcecode.c.h; path = AudioClass.h; sourceTree = "<group>"; };
		A7EF8EB60EC6E85A004FE559 /* AudioClass.m */ = {isa = PBXFileReference; fileEncoding = 4; lastKnownFileType = sourcecode.c.objc; path = AudioClass.m; sourceTree = "<group>"; };
/* End PBXFileReference section */

/* Begin PBXFrameworksBuildPhase section */
		1D60588F0D05DD3D006BFB54 /* Frameworks */ = {
			isa = PBXFrameworksBuildPhase;
			buildActionMask = 2147483647;
			files = (
				A7E7611A0EE9C4BF00E2F2BE /* AudioToolbox.framework in Frameworks */,
				A7E7611B0EE9C4BF00E2F2BE /* CoreGraphics.framework in Frameworks */,
				A7E7611D0EE9C4BF00E2F2BE /* Security.framework in Frameworks */,
				A7E7611E0EE9C4BF00E2F2BE /* UIKit.framework in Frameworks */,
				A7E761730EE9C5F100E2F2BE /* Foundation.framework in Frameworks */,
				65C452B90EED473E006AB1DD /* SystemConfiguration.framework in Frameworks */,
			);
			runOnlyForDeploymentPostprocessing = 0;
		};
		658687510ECEFB9100EB9D99 /* Frameworks */ = {
			isa = PBXFrameworksBuildPhase;
			buildActionMask = 2147483647;
			files = (
			);
			runOnlyForDeploymentPostprocessing = 0;
		};
/* End PBXFrameworksBuildPhase section */

/* Begin PBXGroup section */
		080E96DDFE201D6D7F000001 /* Classes */ = {
			isa = PBXGroup;
			children = (
				65C452920EED3D77006AB1DD /* Reachability.h */,
				65C452930EED3D77006AB1DD /* Reachability.m */,
				654B1E540ECDFDD500E28E7E /* RNM3UParser.h */,
				654B1E550ECDFDD500E28E7E /* RNM3UParser.m */,
				1D3623240D0F684500981E51 /* radio3AppDelegate.h */,
				1D3623250D0F684500981E51 /* radio3AppDelegate.m */,
				28D7ACF60DDB3853001CB0EB /* radio3ViewController.h */,
				28D7ACF70DDB3853001CB0EB /* radio3ViewController.m */,
				A7EF8EB50EC6E85A004FE559 /* AudioClass.h */,
				A7EF8EB60EC6E85A004FE559 /* AudioClass.m */,
			);
			path = Classes;
			sourceTree = "<group>";
		};
		19C28FACFE9D520D11CA2CBB /* Products */ = {
			isa = PBXGroup;
			children = (
				1D6058910D05DD3D006BFB54 /* RNE Radio.app */,
				658687530ECEFB9100EB9D99 /* Unit tests.app */,
			);
			name = Products;
			sourceTree = "<group>";
		};
		29B97314FDCFA39411CA2CEA /* CustomTemplate */ = {
			isa = PBXGroup;
			children = (
				6586879F0ECF033900EB9D99 /* Test */,
				658687710ECEFCC300EB9D99 /* GTM */,
				080E96DDFE201D6D7F000001 /* Classes */,
				29B97315FDCFA39411CA2CEA /* Other Sources */,
				29B97317FDCFA39411CA2CEA /* Resources */,
				29B97323FDCFA39411CA2CEA /* Frameworks */,
				19C28FACFE9D520D11CA2CBB /* Products */,
				658687550ECEFB9100EB9D99 /* Unit tests-Info.plist */,
				65AC95660ED4AEEF00ADD701 /* radios.plist */,
			);
			name = CustomTemplate;
			sourceTree = "<group>";
		};
		29B97315FDCFA39411CA2CEA /* Other Sources */ = {
			isa = PBXGroup;
			children = (
				32CA4F630368D1EE00C91783 /* radio3_Prefix.pch */,
				29B97316FDCFA39411CA2CEA /* main.m */,
			);
			name = "Other Sources";
			sourceTree = "<group>";
		};
		29B97317FDCFA39411CA2CEA /* Resources */ = {
			isa = PBXGroup;
			children = (
				656A605C0EF196DF004CE686 /* iTunesArtwork */,
				6576DD320EEF2992004370D6 /* altavoz-on.png */,
				6581FB360EE73DF700441607 /* loading_0.png */,
				6581FB370EE73DF700441607 /* loading_1.png */,
				6581FB380EE73DF700441607 /* loading_2.png */,
				6581FB390EE73DF700441607 /* loading_3.png */,
				6581FAD00EE6CD9100441607 /* pause-hl.png */,
				65255AD80EE574C100F4142C /* play-hl.png */,
				6534D16F0EDCA968008B1124 /* volume-thumb.png */,
				6534D1700EDCA968008B1124 /* volume-track.png */,
				65D36A000ED9FD36009A548C /* altavoz.png */,
				651606CC0ED8A5D70031CDBE /* pause.png */,
				651606C90ED8A2C00031CDBE /* play.png */,
				651606930ED883BC0031CDBE /* rowBackground.png */,
				A73C06690EC851E700A1B6F5 /* background.png */,
				A7A28D8A0EC7781700963966 /* Icon.png */,
				2899E5210DE3E06400AC0155 /* radio3ViewController.xib */,
				28AD733E0D9D9553002E5188 /* MainWindow.xib */,
				8D1107310486CEB800E47090 /* Info.plist */,
				65E102F00EE06051009FA316 /* InfoView.xib */,
				65E103390EE069B3009FA316 /* RadiosView.xib */,
				A756BCB50EE9497200BECFFA /* entl.plist */,
			);
			name = Resources;
			sourceTree = "<group>";
		};
		29B97323FDCFA39411CA2CEA /* Frameworks */ = {
			isa = PBXGroup;
			children = (
				65C452B80EED473E006AB1DD /* SystemConfiguration.framework */,
				A7E761720EE9C5F100E2F2BE /* Foundation.framework */,
				A7E761150EE9C4BF00E2F2BE /* AudioToolbox.framework */,
				A7E761160EE9C4BF00E2F2BE /* CoreGraphics.framework */,
				A7E761180EE9C4BF00E2F2BE /* Security.framework */,
				A7E761190EE9C4BF00E2F2BE /* UIKit.framework */,
				A72D13BC0EC7A06800CBB890 /* Default.png */,
			);
			name = Frameworks;
			sourceTree = "<group>";
		};
		658687710ECEFCC300EB9D99 /* GTM */ = {
			isa = PBXGroup;
			children = (
				6586878B0ECF023100EB9D99 /* GTMIPhoneUnitTestDelegate.h */,
				6586878C0ECF023100EB9D99 /* GTMIPhoneUnitTestDelegate.m */,
				6586878D0ECF023100EB9D99 /* GTMIPhoneUnitTestMain.m */,
				6586878E0ECF023100EB9D99 /* GTMSenTestCase.h */,
				6586878F0ECF023100EB9D99 /* GTMSenTestCase.m */,
				6586878A0ECF021A00EB9D99 /* GTMDefines.h */,
			);
			name = GTM;
			sourceTree = "<group>";
		};
		6586879F0ECF033900EB9D99 /* Test */ = {
			isa = PBXGroup;
			children = (
				658687A10ECF040200EB9D99 /* RNM3UParserTest.h */,
				658687A20ECF040200EB9D99 /* RNM3UParserTest.m */,
			);
			name = Test;
			sourceTree = "<group>";
		};
/* End PBXGroup section */

/* Begin PBXNativeTarget section */
		1D6058900D05DD3D006BFB54 /* RNERadio.app */ = {
			isa = PBXNativeTarget;
			buildConfigurationList = 1D6058960D05DD3E006BFB54 /* Build configuration list for PBXNativeTarget "RNERadio.app" */;
			buildPhases = (
				1D60588D0D05DD3D006BFB54 /* Resources */,
				1D60588E0D05DD3D006BFB54 /* Sources */,
				1D60588F0D05DD3D006BFB54 /* Frameworks */,
			);
			buildRules = (
			);
			dependencies = (
			);
			name = RNERadio.app;
			productName = radio3;
			productReference = 1D6058910D05DD3D006BFB54 /* RNE Radio.app */;
			productType = "com.apple.product-type.application";
		};
		658687520ECEFB9100EB9D99 /* Unit tests */ = {
			isa = PBXNativeTarget;
			buildConfigurationList = 658687580ECEFB9200EB9D99 /* Build configuration list for PBXNativeTarget "Unit tests" */;
			buildPhases = (
				6586874F0ECEFB9100EB9D99 /* Resources */,
				658687500ECEFB9100EB9D99 /* Sources */,
				658687510ECEFB9100EB9D99 /* Frameworks */,
				658687630ECEFC0700EB9D99 /* Run Unit Tests */,
			);
			buildRules = (
			);
			dependencies = (
			);
			name = "Unit tests";
			productName = "Unit tests";
			productReference = 658687530ECEFB9100EB9D99 /* Unit tests.app */;
			productType = "com.apple.product-type.application";
		};
/* End PBXNativeTarget section */

/* Begin PBXProject section */
		29B97313FDCFA39411CA2CEA /* Project object */ = {
			isa = PBXProject;
			buildConfigurationList = C01FCF4E08A954540054247B /* Build configuration list for PBXProject "radio3" */;
			compatibilityVersion = "Xcode 3.1";
			hasScannedForEncodings = 1;
			mainGroup = 29B97314FDCFA39411CA2CEA /* CustomTemplate */;
			projectDirPath = "";
			projectRoot = "";
			targets = (
				1D6058900D05DD3D006BFB54 /* RNERadio.app */,
				658687520ECEFB9100EB9D99 /* Unit tests */,
			);
		};
/* End PBXProject section */

/* Begin PBXResourcesBuildPhase section */
		1D60588D0D05DD3D006BFB54 /* Resources */ = {
			isa = PBXResourcesBuildPhase;
			buildActionMask = 2147483647;
			files = (
				28AD733F0D9D9553002E5188 /* MainWindow.xib in Resources */,
				2899E5220DE3E06400AC0155 /* radio3ViewController.xib in Resources */,
				A7A28D8B0EC7781700963966 /* Icon.png in Resources */,
				A72D13BD0EC7A06800CBB890 /* Default.png in Resources */,
				A73C066A0EC851E700A1B6F5 /* background.png in Resources */,
				65AC95670ED4AEEF00ADD701 /* radios.plist in Resources */,
				651606940ED883BC0031CDBE /* rowBackground.png in Resources */,
				651606CA0ED8A2C00031CDBE /* play.png in Resources */,
				651606CD0ED8A5D70031CDBE /* pause.png in Resources */,
				65D36A010ED9FD36009A548C /* altavoz.png in Resources */,
				6534D1710EDCA968008B1124 /* volume-thumb.png in Resources */,
				6534D1720EDCA968008B1124 /* volume-track.png in Resources */,
				65E102F10EE06051009FA316 /* InfoView.xib in Resources */,
				65E1033A0EE069B3009FA316 /* RadiosView.xib in Resources */,
				65255AD90EE574C100F4142C /* play-hl.png in Resources */,
				6581FAD10EE6CD9100441607 /* pause-hl.png in Resources */,
				6581FB3A0EE73DF700441607 /* loading_0.png in Resources */,
				6581FB3B0EE73DF700441607 /* loading_1.png in Resources */,
				6581FB3C0EE73DF700441607 /* loading_2.png in Resources */,
				6581FB3D0EE73DF700441607 /* loading_3.png in Resources */,
				A756BCB60EE9497200BECFFA /* entl.plist in Resources */,
				6576DD330EEF2992004370D6 /* altavoz-on.png in Resources */,
				656A605E0EF196EF004CE686 /* iTunesArtwork in Resources */,
			);
			runOnlyForDeploymentPostprocessing = 0;
		};
		6586874F0ECEFB9100EB9D99 /* Resources */ = {
			isa = PBXResourcesBuildPhase;
			buildActionMask = 2147483647;
			files = (
			);
			runOnlyForDeploymentPostprocessing = 0;
		};
/* End PBXResourcesBuildPhase section */

/* Begin PBXShellScriptBuildPhase section */
		658687630ECEFC0700EB9D99 /* Run Unit Tests */ = {
			isa = PBXShellScriptBuildPhase;
			buildActionMask = 2147483647;
			files = (
			);
			inputPaths = (
			);
			name = "Run Unit Tests";
			outputPaths = (
			);
			runOnlyForDeploymentPostprocessing = 0;
			shellPath = /bin/sh;
			shellScript = "/usr/local/google-toolbox-for-mac-1-5-1/UnitTesting/RunIPhoneUnitTest.sh\n";
		};
/* End PBXShellScriptBuildPhase section */

/* Begin PBXSourcesBuildPhase section */
		1D60588E0D05DD3D006BFB54 /* Sources */ = {
			isa = PBXSourcesBuildPhase;
			buildActionMask = 2147483647;
			files = (
				1D60589B0D05DD56006BFB54 /* main.m in Sources */,
				1D3623260D0F684500981E51 /* radio3AppDelegate.m in Sources */,
				28D7ACF80DDB3853001CB0EB /* radio3ViewController.m in Sources */,
				A7EF8EB70EC6E85A004FE559 /* AudioClass.m in Sources */,
				654B1E560ECDFDD500E28E7E /* RNM3UParser.m in Sources */,
				65C452940EED3D77006AB1DD /* Reachability.m in Sources */,
			);
			runOnlyForDeploymentPostprocessing = 0;
		};
		658687500ECEFB9100EB9D99 /* Sources */ = {
			isa = PBXSourcesBuildPhase;
			buildActionMask = 2147483647;
			files = (
				658687900ECF023100EB9D99 /* GTMIPhoneUnitTestDelegate.m in Sources */,
				658687910ECF023100EB9D99 /* GTMIPhoneUnitTestMain.m in Sources */,
				658687920ECF023100EB9D99 /* GTMSenTestCase.m in Sources */,
				658687A00ECF03A000EB9D99 /* RNM3UParser.m in Sources */,
				658687A30ECF040200EB9D99 /* RNM3UParserTest.m in Sources */,
			);
			runOnlyForDeploymentPostprocessing = 0;
		};
/* End PBXSourcesBuildPhase section */

/* Begin XCBuildConfiguration section */
		1D6058940D05DD3E006BFB54 /* Debug */ = {
			isa = XCBuildConfiguration;
			buildSettings = {
				ALWAYS_SEARCH_USER_PATHS = NO;
				"CODE_SIGN_IDENTITY[sdk=iphoneos*]" = "";
				COPY_PHASE_STRIP = NO;
				GCC_DYNAMIC_NO_PIC = NO;
				GCC_OPTIMIZATION_LEVEL = 0;
				GCC_PRECOMPILE_PREFIX_HEADER = YES;
				GCC_PREFIX_HEADER = radio3_Prefix.pch;
				INFOPLIST_FILE = Info.plist;
				PRODUCT_NAME = "RNE Radio";
			};
			name = Debug;
		};
		1D6058950D05DD3E006BFB54 /* Release */ = {
			isa = XCBuildConfiguration;
			buildSettings = {
				ALWAYS_SEARCH_USER_PATHS = NO;
				"CODE_SIGN_IDENTITY[sdk=iphoneos*]" = "";
				COPY_PHASE_STRIP = YES;
				GCC_PRECOMPILE_PREFIX_HEADER = YES;
				GCC_PREFIX_HEADER = radio3_Prefix.pch;
				INFOPLIST_FILE = Info.plist;
				PRODUCT_NAME = "RNE Radio";
			};
			name = Release;
		};
		656A60760EF197EC004CE686 /* Beta */ = {
			isa = XCBuildConfiguration;
			buildSettings = {
				ARCHS = "$(ARCHS_STANDARD_32_BIT)";
				"CODE_SIGN_IDENTITY[sdk=iphoneos*]" = "";
				GCC_C_LANGUAGE_STANDARD = c99;
				GCC_WARN_ABOUT_RETURN_TYPE = YES;
				GCC_WARN_UNUSED_VARIABLE = YES;
				PREBINDING = NO;
				PROVISIONING_PROFILE = DefaultProfileUuid;
				SDKROOT = iphoneos2.2;
			};
			name = Beta;
		};
		656A60770EF197EC004CE686 /* Beta */ = {
			isa = XCBuildConfiguration;
			buildSettings = {
				ALWAYS_SEARCH_USER_PATHS = NO;
				CODE_SIGN_ENTITLEMENTS = entl.plist;
				"CODE_SIGN_IDENTITY[sdk=iphoneos*]" = "iPhone Distribution: Daniel Rodríguez Troitiño";
				COPY_PHASE_STRIP = YES;
				GCC_PRECOMPILE_PREFIX_HEADER = YES;
				GCC_PREFIX_HEADER = radio3_Prefix.pch;
				INFOPLIST_FILE = Info.plist;
				PRODUCT_NAME = "RNE Radio";
				"PROVISIONING_PROFILE[sdk=iphoneos*]" = "A515ACC0-3059-4B6D-AEEC-47CA1197575A";
			};
			name = Beta;
		};
		656A60780EF197EC004CE686 /* Beta */ = {
			isa = XCBuildConfiguration;
			buildSettings = {
				ALWAYS_SEARCH_USER_PATHS = NO;
				CODE_SIGN_IDENTITY = "iPhone Developer";
				COPY_PHASE_STRIP = YES;
				DEBUG_INFORMATION_FORMAT = "dwarf-with-dsym";
				GCC_ENABLE_FIX_AND_CONTINUE = NO;
				GCC_PRECOMPILE_PREFIX_HEADER = YES;
				GCC_PREFIX_HEADER = "$(SYSTEM_LIBRARY_DIR)/Frameworks/UIKit.framework/Headers/UIKit.h";
				GCC_PREPROCESSOR_DEFINITIONS = TESTING;
				INFOPLIST_FILE = "Unit tests-Info.plist";
				INSTALL_PATH = "$(HOME)/Applications";
				OTHER_LDFLAGS = (
					"-framework",
					Foundation,
					"-framework",
					UIKit,
				);
				PREBINDING = NO;
				PRODUCT_NAME = "Unit tests";
				SDKROOT = iphoneos2.1;
				ZERO_LINK = NO;
			};
			name = Beta;
		};
		656A60930EF19BCC004CE686 /* Distribution */ = {
			isa = XCBuildConfiguration;
			buildSettings = {
				ARCHS = "$(ARCHS_STANDARD_32_BIT)";
				CODE_SIGN_IDENTITY = "";
				"CODE_SIGN_IDENTITY[sdk=iphoneos2.1]" = "";
				GCC_C_LANGUAGE_STANDARD = c99;
				GCC_WARN_ABOUT_RETURN_TYPE = YES;
				GCC_WARN_UNUSED_VARIABLE = YES;
				PREBINDING = NO;
				PROVISIONING_PROFILE = DefaultProfileUuid;
				SDKROOT = iphoneos2.2;
			};
			name = Distribution;
		};
		656A60940EF19BCC004CE686 /* Distribution */ = {
			isa = XCBuildConfiguration;
			buildSettings = {
				ALWAYS_SEARCH_USER_PATHS = NO;
				"CODE_SIGN_IDENTITY[sdk=iphoneos*]" = "iPhone Distribution: Daniel Rodríguez Troitiño";
				COPY_PHASE_STRIP = YES;
				GCC_PRECOMPILE_PREFIX_HEADER = YES;
				GCC_PREFIX_HEADER = radio3_Prefix.pch;
				INFOPLIST_FILE = Info.plist;
				PRODUCT_NAME = "RNE Radio";
				"PROVISIONING_PROFILE[sdk=iphoneos*]" = "A1A47762-F15A-41A9-9ED0-493F64EEFACA";
			};
			name = Distribution;
		};
		656A60950EF19BCC004CE686 /* Distribution */ = {
			isa = XCBuildConfiguration;
			buildSettings = {
				ALWAYS_SEARCH_USER_PATHS = NO;
				CODE_SIGN_IDENTITY = "iPhone Developer";
				COPY_PHASE_STRIP = YES;
				DEBUG_INFORMATION_FORMAT = "dwarf-with-dsym";
				GCC_ENABLE_FIX_AND_CONTINUE = NO;
				GCC_PRECOMPILE_PREFIX_HEADER = YES;
				GCC_PREFIX_HEADER = "$(SYSTEM_LIBRARY_DIR)/Frameworks/UIKit.framework/Headers/UIKit.h";
				GCC_PREPROCESSOR_DEFINITIONS = TESTING;
				INFOPLIST_FILE = "Unit tests-Info.plist";
				INSTALL_PATH = "$(HOME)/Applications";
				OTHER_LDFLAGS = (
					"-framework",
					Foundation,
					"-framework",
					UIKit,
				);
				PREBINDING = NO;
				PRODUCT_NAME = "Unit tests";
				SDKROOT = iphoneos2.1;
				ZERO_LINK = NO;
			};
			name = Distribution;
		};
		658687560ECEFB9200EB9D99 /* Debug */ = {
			isa = XCBuildConfiguration;
			buildSettings = {
				ALWAYS_SEARCH_USER_PATHS = NO;
				CODE_SIGN_IDENTITY = "iPhone Developer";
				COPY_PHASE_STRIP = NO;
				GCC_DYNAMIC_NO_PIC = NO;
				GCC_OPTIMIZATION_LEVEL = 0;
				GCC_PRECOMPILE_PREFIX_HEADER = YES;
				GCC_PREFIX_HEADER = "$(SYSTEM_LIBRARY_DIR)/Frameworks/UIKit.framework/Headers/UIKit.h";
				GCC_PREPROCESSOR_DEFINITIONS = TESTING;
				INFOPLIST_FILE = "Unit tests-Info.plist";
				INSTALL_PATH = "$(HOME)/Applications";
				OTHER_LDFLAGS = (
					"-framework",
					Foundation,
					"-framework",
					UIKit,
				);
				PREBINDING = NO;
				PRODUCT_NAME = "Unit tests";
				SDKROOT = iphoneos2.1;
			};
			name = Debug;
		};
		658687570ECEFB9200EB9D99 /* Release */ = {
			isa = XCBuildConfiguration;
			buildSettings = {
				ALWAYS_SEARCH_USER_PATHS = NO;
				CODE_SIGN_IDENTITY = "iPhone Developer";
				COPY_PHASE_STRIP = YES;
				DEBUG_INFORMATION_FORMAT = "dwarf-with-dsym";
				GCC_ENABLE_FIX_AND_CONTINUE = NO;
				GCC_PRECOMPILE_PREFIX_HEADER = YES;
				GCC_PREFIX_HEADER = "$(SYSTEM_LIBRARY_DIR)/Frameworks/UIKit.framework/Headers/UIKit.h";
				GCC_PREPROCESSOR_DEFINITIONS = TESTING;
				INFOPLIST_FILE = "Unit tests-Info.plist";
				INSTALL_PATH = "$(HOME)/Applications";
				OTHER_LDFLAGS = (
					"-framework",
					Foundation,
					"-framework",
					UIKit,
				);
				PREBINDING = NO;
				PRODUCT_NAME = "Unit tests";
				SDKROOT = iphoneos2.1;
				ZERO_LINK = NO;
			};
			name = Release;
		};
		C01FCF4F08A954540054247B /* Debug */ = {
			isa = XCBuildConfiguration;
			buildSettings = {
				ARCHS = "$(ARCHS_STANDARD_32_BIT)";
				CODE_SIGN_IDENTITY = "";
				"CODE_SIGN_IDENTITY[sdk=iphoneos2.1]" = "";
				GCC_C_LANGUAGE_STANDARD = c99;
				GCC_WARN_ABOUT_RETURN_TYPE = YES;
				GCC_WARN_UNUSED_VARIABLE = YES;
				ONLY_ACTIVE_ARCH = YES;
				PREBINDING = NO;
				PROVISIONING_PROFILE = DefaultProfileUuid;
				SDKROOT = iphoneos2.2;
			};
			name = Debug;
		};
		C01FCF5008A954540054247B /* Release */ = {
			isa = XCBuildConfiguration;
			buildSettings = {
				ARCHS = "$(ARCHS_STANDARD_32_BIT)";
				CODE_SIGN_IDENTITY = "";
				"CODE_SIGN_IDENTITY[sdk=iphoneos2.1]" = "";
				GCC_C_LANGUAGE_STANDARD = c99;
				GCC_WARN_ABOUT_RETURN_TYPE = YES;
				GCC_WARN_UNUSED_VARIABLE = YES;
				PREBINDING = NO;
				PROVISIONING_PROFILE = DefaultProfileUuid;
				SDKROOT = iphoneos2.2;
			};
			name = Release;
		};
/* End XCBuildConfiguration section */

/* Begin XCConfigurationList section */
		1D6058960D05DD3E006BFB54 /* Build configuration list for PBXNativeTarget "RNERadio.app" */ = {
			isa = XCConfigurationList;
			buildConfigurations = (
				1D6058940D05DD3E006BFB54 /* Debug */,
				1D6058950D05DD3E006BFB54 /* Release */,
				656A60940EF19BCC004CE686 /* Distribution */,
				656A60770EF197EC004CE686 /* Beta */,
			);
			defaultConfigurationIsVisible = 0;
			defaultConfigurationName = Release;
		};
		658687580ECEFB9200EB9D99 /* Build configuration list for PBXNativeTarget "Unit tests" */ = {
			isa = XCConfigurationList;
			buildConfigurations = (
				658687560ECEFB9200EB9D99 /* Debug */,
				658687570ECEFB9200EB9D99 /* Release */,
				656A60950EF19BCC004CE686 /* Distribution */,
				656A60780EF197EC004CE686 /* Beta */,
			);
			defaultConfigurationIsVisible = 0;
			defaultConfigurationName = Release;
		};
		C01FCF4E08A954540054247B /* Build configuration list for PBXProject "radio3" */ = {
			isa = XCConfigurationList;
			buildConfigurations = (
				C01FCF4F08A954540054247B /* Debug */,
				C01FCF5008A954540054247B /* Release */,
				656A60930EF19BCC004CE686 /* Distribution */,
				656A60760EF197EC004CE686 /* Beta */,
			);
			defaultConfigurationIsVisible = 0;
			defaultConfigurationName = Release;
		};
/* End XCConfigurationList section */
	};
	rootObject = 29B97313FDCFA39411CA2CEA /* Project object */;
}
