// !$*UTF8*$!
{
	archiveVersion = 1;
	classes = {
	};
	objectVersion = 45;
	objects = {

/* Begin PBXBuildFile section */
		1D3623260D0F684500981E51 /* radio3AppDelegate.m in Sources */ = {isa = PBXBuildFile; fileRef = 1D3623250D0F684500981E51 /* radio3AppDelegate.m */; };
		1D60589B0D05DD56006BFB54 /* main.m in Sources */ = {isa = PBXBuildFile; fileRef = 29B97316FDCFA39411CA2CEA /* main.m */; };
		2899E5220DE3E06400AC0155 /* radio3ViewController.xib in Resources */ = {isa = PBXBuildFile; fileRef = 2899E5210DE3E06400AC0155 /* radio3ViewController.xib */; };
		28AD733F0D9D9553002E5188 /* MainWindow.xib in Resources */ = {isa = PBXBuildFile; fileRef = 28AD733E0D9D9553002E5188 /* MainWindow.xib */; };
		28D7ACF80DDB3853001CB0EB /* radio3ViewController.m in Sources */ = {isa = PBXBuildFile; fileRef = 28D7ACF70DDB3853001CB0EB /* radio3ViewController.m */; };
		651606940ED883BC0031CDBE /* rowBackground.png in Resources */ = {isa = PBXBuildFile; fileRef = 651606930ED883BC0031CDBE /* rowBackground.png */; };
		651606CA0ED8A2C00031CDBE /* play.png in Resources */ = {isa = PBXBuildFile; fileRef = 651606C90ED8A2C00031CDBE /* play.png */; };
		651606CD0ED8A5D70031CDBE /* pause.png in Resources */ = {isa = PBXBuildFile; fileRef = 651606CC0ED8A5D70031CDBE /* pause.png */; };
		65255AD90EE574C100F4142C /* play-hl.png in Resources */ = {isa = PBXBuildFile; fileRef = 65255AD80EE574C100F4142C /* play-hl.png */; };
		652834A40F085C6D001CEA65 /* FIShoutcastMetadataFilter.m in Sources */ = {isa = PBXBuildFile; fileRef = 652834A30F085C6D001CEA65 /* FIShoutcastMetadataFilter.m */; };
		6534D1710EDCA968008B1124 /* volume-thumb.png in Resources */ = {isa = PBXBuildFile; fileRef = 6534D16F0EDCA968008B1124 /* volume-thumb.png */; };
		6534D1720EDCA968008B1124 /* volume-track.png in Resources */ = {isa = PBXBuildFile; fileRef = 6534D1700EDCA968008B1124 /* volume-track.png */; };
		654B1E560ECDFDD500E28E7E /* RNM3UParser.m in Sources */ = {isa = PBXBuildFile; fileRef = 654B1E550ECDFDD500E28E7E /* RNM3UParser.m */; };
		656A605E0EF196EF004CE686 /* iTunesArtwork in Resources */ = {isa = PBXBuildFile; fileRef = 656A605C0EF196DF004CE686 /* iTunesArtwork */; };
		656BFC380F03A4FD006A3F15 /* FIAppDelegate.m in Sources */ = {isa = PBXBuildFile; fileRef = 656BFC370F03A4FD006A3F15 /* FIAppDelegate.m */; };
		656BFC440F03A80E006A3F15 /* FIViewController.m in Sources */ = {isa = PBXBuildFile; fileRef = 656BFC430F03A80E006A3F15 /* FIViewController.m */; };
		656BFC4B0F03B6E0006A3F15 /* AudioClass.m in Sources */ = {isa = PBXBuildFile; fileRef = A7EF8EB60EC6E85A004FE559 /* AudioClass.m */; };
		656BFC4C0F03B6E3006A3F15 /* Reachability.m in Sources */ = {isa = PBXBuildFile; fileRef = 65C452930EED3D77006AB1DD /* Reachability.m */; };
		656BFC4D0F03B6E6006A3F15 /* RNFileLogger.m in Sources */ = {isa = PBXBuildFile; fileRef = 65FD71860EF9AC4600C6FBD6 /* RNFileLogger.m */; };
		656BFC4E0F03B6F5006A3F15 /* AudioToolbox.framework in Frameworks */ = {isa = PBXBuildFile; fileRef = A7E761150EE9C4BF00E2F2BE /* AudioToolbox.framework */; };
		656BFC4F0F03B6F6006A3F15 /* CoreGraphics.framework in Frameworks */ = {isa = PBXBuildFile; fileRef = A7E761160EE9C4BF00E2F2BE /* CoreGraphics.framework */; };
		656BFC500F03B6F7006A3F15 /* Foundation.framework in Frameworks */ = {isa = PBXBuildFile; fileRef = A7E761720EE9C5F100E2F2BE /* Foundation.framework */; };
		656BFC520F03B701006A3F15 /* UIKit.framework in Frameworks */ = {isa = PBXBuildFile; fileRef = A7E761190EE9C4BF00E2F2BE /* UIKit.framework */; };
		656BFC540F03B724006A3F15 /* main.m in Sources */ = {isa = PBXBuildFile; fileRef = 29B97316FDCFA39411CA2CEA /* main.m */; };
		656BFC550F03B728006A3F15 /* entl.plist in Resources */ = {isa = PBXBuildFile; fileRef = A756BCB50EE9497200BECFFA /* entl.plist */; };
		656BFC700F03B76F006A3F15 /* Icon.png in Resources */ = {isa = PBXBuildFile; fileRef = 656BFC6E0F03B76F006A3F15 /* Icon.png */; };
		656BFC710F03B76F006A3F15 /* iTunesArtwork in Resources */ = {isa = PBXBuildFile; fileRef = 656BFC6F0F03B76F006A3F15 /* iTunesArtwork */; };
		656BFC740F03B7F7006A3F15 /* MainWindow.xib in Resources */ = {isa = PBXBuildFile; fileRef = 656BFC730F03B7F7006A3F15 /* MainWindow.xib */; };
		656BFC780F03B897006A3F15 /* FIViewController.xib in Resources */ = {isa = PBXBuildFile; fileRef = 656BFC770F03B897006A3F15 /* FIViewController.xib */; };
		656BFC840F03DEA4006A3F15 /* MediaPlayer.framework in Frameworks */ = {isa = PBXBuildFile; fileRef = 656BFC830F03DEA4006A3F15 /* MediaPlayer.framework */; };
		656BFC900F03DFD6006A3F15 /* SystemConfiguration.framework in Frameworks */ = {isa = PBXBuildFile; fileRef = 65C452B80EED473E006AB1DD /* SystemConfiguration.framework */; };
		656BFD290F03F172006A3F15 /* MediaPlayer.framework in Frameworks */ = {isa = PBXBuildFile; fileRef = 656BFC830F03DEA4006A3F15 /* MediaPlayer.framework */; };
		6576DD330EEF2992004370D6 /* altavoz-on.png in Resources */ = {isa = PBXBuildFile; fileRef = 6576DD320EEF2992004370D6 /* altavoz-on.png */; };
		6581FAD10EE6CD9100441607 /* pause-hl.png in Resources */ = {isa = PBXBuildFile; fileRef = 6581FAD00EE6CD9100441607 /* pause-hl.png */; };
		6581FB3A0EE73DF700441607 /* loading_0.png in Resources */ = {isa = PBXBuildFile; fileRef = 6581FB360EE73DF700441607 /* loading_0.png */; };
		6581FB3B0EE73DF700441607 /* loading_1.png in Resources */ = {isa = PBXBuildFile; fileRef = 6581FB370EE73DF700441607 /* loading_1.png */; };
		6581FB3C0EE73DF700441607 /* loading_2.png in Resources */ = {isa = PBXBuildFile; fileRef = 6581FB380EE73DF700441607 /* loading_2.png */; };
		6581FB3D0EE73DF700441607 /* loading_3.png in Resources */ = {isa = PBXBuildFile; fileRef = 6581FB390EE73DF700441607 /* loading_3.png */; };
		658687900ECF023100EB9D99 /* GTMIPhoneUnitTestDelegate.m in Sources */ = {isa = PBXBuildFile; fileRef = 6586878C0ECF023100EB9D99 /* GTMIPhoneUnitTestDelegate.m */; };
		658687910ECF023100EB9D99 /* GTMIPhoneUnitTestMain.m in Sources */ = {isa = PBXBuildFile; fileRef = 6586878D0ECF023100EB9D99 /* GTMIPhoneUnitTestMain.m */; };
		658687920ECF023100EB9D99 /* GTMSenTestCase.m in Sources */ = {isa = PBXBuildFile; fileRef = 6586878F0ECF023100EB9D99 /* GTMSenTestCase.m */; };
		658687A00ECF03A000EB9D99 /* RNM3UParser.m in Sources */ = {isa = PBXBuildFile; fileRef = 654B1E550ECDFDD500E28E7E /* RNM3UParser.m */; };
		658687A30ECF040200EB9D99 /* RNM3UParserTest.m in Sources */ = {isa = PBXBuildFile; fileRef = 658687A20ECF040200EB9D99 /* RNM3UParserTest.m */; };
		65AC95670ED4AEEF00ADD701 /* radios.plist in Resources */ = {isa = PBXBuildFile; fileRef = 65AC95660ED4AEEF00ADD701 /* radios.plist */; };
		65BD5E130F09B18300D283D4 /* AudioToolbox.framework in Frameworks */ = {isa = PBXBuildFile; fileRef = A7E761150EE9C4BF00E2F2BE /* AudioToolbox.framework */; };
		65BD5E140F09B18400D283D4 /* CoreGraphics.framework in Frameworks */ = {isa = PBXBuildFile; fileRef = A7E761160EE9C4BF00E2F2BE /* CoreGraphics.framework */; };
		65BD5E150F09B18600D283D4 /* Foundation.framework in Frameworks */ = {isa = PBXBuildFile; fileRef = A7E761720EE9C5F100E2F2BE /* Foundation.framework */; };
		65BD5E160F09B18700D283D4 /* MediaPlayer.framework in Frameworks */ = {isa = PBXBuildFile; fileRef = 656BFC830F03DEA4006A3F15 /* MediaPlayer.framework */; };
		65BD5E170F09B18900D283D4 /* SystemConfiguration.framework in Frameworks */ = {isa = PBXBuildFile; fileRef = 65C452B80EED473E006AB1DD /* SystemConfiguration.framework */; };
		65BD5E180F09B18A00D283D4 /* UIKit.framework in Frameworks */ = {isa = PBXBuildFile; fileRef = A7E761190EE9C4BF00E2F2BE /* UIKit.framework */; };
		65BD5E190F09B1A100D283D4 /* main.m in Sources */ = {isa = PBXBuildFile; fileRef = 29B97316FDCFA39411CA2CEA /* main.m */; };
		65BD5E1A0F09B1AD00D283D4 /* Reachability.m in Sources */ = {isa = PBXBuildFile; fileRef = 65C452930EED3D77006AB1DD /* Reachability.m */; };
		65BD5E1B0F09B1AF00D283D4 /* RNFileLogger.m in Sources */ = {isa = PBXBuildFile; fileRef = 65FD71860EF9AC4600C6FBD6 /* RNFileLogger.m */; };
		65BD5E210F09B2CF00D283D4 /* KSViewController.m in Sources */ = {isa = PBXBuildFile; fileRef = 65BD5E200F09B2CF00D283D4 /* KSViewController.m */; };
		65BD5E220F09B2D300D283D4 /* KSAppDelegate.m in Sources */ = {isa = PBXBuildFile; fileRef = 65BD5E1D0F09B1E500D283D4 /* KSAppDelegate.m */; };
		65BD5E250F09B9F000D283D4 /* Icon.png in Resources */ = {isa = PBXBuildFile; fileRef = 65BD5E230F09B9F000D283D4 /* Icon.png */; };
		65BD5E260F09B9F000D283D4 /* iTunesArtwork in Resources */ = {isa = PBXBuildFile; fileRef = 65BD5E240F09B9F000D283D4 /* iTunesArtwork */; };
		65C452940EED3D77006AB1DD /* Reachability.m in Sources */ = {isa = PBXBuildFile; fileRef = 65C452930EED3D77006AB1DD /* Reachability.m */; };
		65C452B90EED473E006AB1DD /* SystemConfiguration.framework in Frameworks */ = {isa = PBXBuildFile; fileRef = 65C452B80EED473E006AB1DD /* SystemConfiguration.framework */; };
		65D36A010ED9FD36009A548C /* altavoz.png in Resources */ = {isa = PBXBuildFile; fileRef = 65D36A000ED9FD36009A548C /* altavoz.png */; };
		65E102F10EE06051009FA316 /* InfoView.xib in Resources */ = {isa = PBXBuildFile; fileRef = 65E102F00EE06051009FA316 /* InfoView.xib */; };
		65E1033A0EE069B3009FA316 /* RadiosView.xib in Resources */ = {isa = PBXBuildFile; fileRef = 65E103390EE069B3009FA316 /* RadiosView.xib */; };
		65F6F07D0F18F55400B0B070 /* AudioClass.m in Sources */ = {isa = PBXBuildFile; fileRef = A7EF8EB60EC6E85A004FE559 /* AudioClass.m */; };
		65F6F07E0F18F55600B0B070 /* COPEAppDelegate.m in Sources */ = {isa = PBXBuildFile; fileRef = A7FA12800F16A5B10067633A /* COPEAppDelegate.m */; };
		65F6F07F0F18F55700B0B070 /* COPEViewController.m in Sources */ = {isa = PBXBuildFile; fileRef = A7FA12830F16A5C70067633A /* COPEViewController.m */; };
		65F6F0800F18F56100B0B070 /* Reachability.m in Sources */ = {isa = PBXBuildFile; fileRef = 65C452930EED3D77006AB1DD /* Reachability.m */; };
		65F6F0810F18F56300B0B070 /* RNFileLogger.m in Sources */ = {isa = PBXBuildFile; fileRef = 65FD71860EF9AC4600C6FBD6 /* RNFileLogger.m */; };
		65F6F0820F18F56900B0B070 /* RNM3UParser.m in Sources */ = {isa = PBXBuildFile; fileRef = 654B1E550ECDFDD500E28E7E /* RNM3UParser.m */; };
		65F6F0830F18F57300B0B070 /* main.m in Sources */ = {isa = PBXBuildFile; fileRef = 29B97316FDCFA39411CA2CEA /* main.m */; };
		65F6F0840F18F57F00B0B070 /* AudioToolbox.framework in Frameworks */ = {isa = PBXBuildFile; fileRef = A7E761150EE9C4BF00E2F2BE /* AudioToolbox.framework */; };
		65F6F0850F18F58200B0B070 /* Foundation.framework in Frameworks */ = {isa = PBXBuildFile; fileRef = A7E761720EE9C5F100E2F2BE /* Foundation.framework */; };
		65F6F0860F18F58300B0B070 /* MediaPlayer.framework in Frameworks */ = {isa = PBXBuildFile; fileRef = 656BFC830F03DEA4006A3F15 /* MediaPlayer.framework */; };
		65F6F0870F18F58700B0B070 /* UIKit.framework in Frameworks */ = {isa = PBXBuildFile; fileRef = A7E761190EE9C4BF00E2F2BE /* UIKit.framework */; };
		65F6F0A60F18F83E00B0B070 /* SystemConfiguration.framework in Frameworks */ = {isa = PBXBuildFile; fileRef = 65C452B80EED473E006AB1DD /* SystemConfiguration.framework */; };
		65F6F0D00F18FD6700B0B070 /* radios.plist in Resources */ = {isa = PBXBuildFile; fileRef = 65F6F0CF0F18FD6700B0B070 /* radios.plist */; };
		65F6F12A0F190A0F00B0B070 /* Default.png in Resources */ = {isa = PBXBuildFile; fileRef = 65F6F1290F190A0F00B0B070 /* Default.png */; };
		65F6F13A0F190B9E00B0B070 /* bottom-bar.png in Resources */ = {isa = PBXBuildFile; fileRef = 65F6F12E0F190B9E00B0B070 /* bottom-bar.png */; };
		65F6F13B0F190B9E00B0B070 /* loading_0.png in Resources */ = {isa = PBXBuildFile; fileRef = 65F6F12F0F190B9E00B0B070 /* loading_0.png */; };
		65F6F13C0F190B9E00B0B070 /* loading_1.png in Resources */ = {isa = PBXBuildFile; fileRef = 65F6F1300F190B9E00B0B070 /* loading_1.png */; };
		65F6F13D0F190B9E00B0B070 /* loading_2.png in Resources */ = {isa = PBXBuildFile; fileRef = 65F6F1310F190B9E00B0B070 /* loading_2.png */; };
		65F6F13E0F190B9E00B0B070 /* loading_3.png in Resources */ = {isa = PBXBuildFile; fileRef = 65F6F1320F190B9E00B0B070 /* loading_3.png */; };
		65F6F13F0F190B9E00B0B070 /* pause-hl.png in Resources */ = {isa = PBXBuildFile; fileRef = 65F6F1330F190B9E00B0B070 /* pause-hl.png */; };
		65F6F1400F190B9E00B0B070 /* pause.png in Resources */ = {isa = PBXBuildFile; fileRef = 65F6F1340F190B9E00B0B070 /* pause.png */; };
		65F6F1410F190B9E00B0B070 /* play-hl.png in Resources */ = {isa = PBXBuildFile; fileRef = 65F6F1350F190B9E00B0B070 /* play-hl.png */; };
		65F6F1420F190B9E00B0B070 /* play.png in Resources */ = {isa = PBXBuildFile; fileRef = 65F6F1360F190B9E00B0B070 /* play.png */; };
		65F6F1430F190B9E00B0B070 /* top-bar.png in Resources */ = {isa = PBXBuildFile; fileRef = 65F6F1370F190B9E00B0B070 /* top-bar.png */; };
		65F6F1440F190B9E00B0B070 /* volume-thumb.png in Resources */ = {isa = PBXBuildFile; fileRef = 65F6F1380F190B9E00B0B070 /* volume-thumb.png */; };
		65F6F1450F190B9E00B0B070 /* volume-track.png in Resources */ = {isa = PBXBuildFile; fileRef = 65F6F1390F190B9E00B0B070 /* volume-track.png */; };
		65F6F14B0F190DF400B0B070 /* background.png in Resources */ = {isa = PBXBuildFile; fileRef = 65F6F1460F190DF400B0B070 /* background.png */; };
		65F6F14C0F190DF400B0B070 /* cope-icon-hl.png in Resources */ = {isa = PBXBuildFile; fileRef = 65F6F1470F190DF400B0B070 /* cope-icon-hl.png */; };
		65F6F14D0F190DF400B0B070 /* cope-icon.png in Resources */ = {isa = PBXBuildFile; fileRef = 65F6F1480F190DF400B0B070 /* cope-icon.png */; };
		65F6F14E0F190DF400B0B070 /* needle.png in Resources */ = {isa = PBXBuildFile; fileRef = 65F6F1490F190DF400B0B070 /* needle.png */; };
		65F6F14F0F190DF400B0B070 /* rng-icon-hl.png in Resources */ = {isa = PBXBuildFile; fileRef = 65F6F14A0F190DF400B0B070 /* rng-icon-hl.png */; };
		65F6F1510F190E3600B0B070 /* rng-icon.png in Resources */ = {isa = PBXBuildFile; fileRef = 65F6F1500F190E3600B0B070 /* rng-icon.png */; };
		65F6F1940F19170700B0B070 /* InfoView.xib in Resources */ = {isa = PBXBuildFile; fileRef = 65F6F1930F19170700B0B070 /* InfoView.xib */; };
		65F6F19A0F19198F00B0B070 /* RadiosView.xib in Resources */ = {isa = PBXBuildFile; fileRef = 65F6F1990F19198F00B0B070 /* RadiosView.xib */; };
		65FD71870EF9AC4600C6FBD6 /* RNFileLogger.m in Sources */ = {isa = PBXBuildFile; fileRef = 65FD71860EF9AC4600C6FBD6 /* RNFileLogger.m */; };
		A72D13BD0EC7A06800CBB890 /* Default.png in Resources */ = {isa = PBXBuildFile; fileRef = A72D13BC0EC7A06800CBB890 /* Default.png */; };
		A73C066A0EC851E700A1B6F5 /* background.png in Resources */ = {isa = PBXBuildFile; fileRef = A73C06690EC851E700A1B6F5 /* background.png */; };
		A756BCB60EE9497200BECFFA /* entl.plist in Resources */ = {isa = PBXBuildFile; fileRef = A756BCB50EE9497200BECFFA /* entl.plist */; };
		A7A28D8B0EC7781700963966 /* Icon.png in Resources */ = {isa = PBXBuildFile; fileRef = A7A28D8A0EC7781700963966 /* Icon.png */; };
		A7E7611A0EE9C4BF00E2F2BE /* AudioToolbox.framework in Frameworks */ = {isa = PBXBuildFile; fileRef = A7E761150EE9C4BF00E2F2BE /* AudioToolbox.framework */; };
		A7E7611B0EE9C4BF00E2F2BE /* CoreGraphics.framework in Frameworks */ = {isa = PBXBuildFile; fileRef = A7E761160EE9C4BF00E2F2BE /* CoreGraphics.framework */; };
		A7E7611D0EE9C4BF00E2F2BE /* Security.framework in Frameworks */ = {isa = PBXBuildFile; fileRef = A7E761180EE9C4BF00E2F2BE /* Security.framework */; };
		A7E7611E0EE9C4BF00E2F2BE /* UIKit.framework in Frameworks */ = {isa = PBXBuildFile; fileRef = A7E761190EE9C4BF00E2F2BE /* UIKit.framework */; };
		A7E761730EE9C5F100E2F2BE /* Foundation.framework in Frameworks */ = {isa = PBXBuildFile; fileRef = A7E761720EE9C5F100E2F2BE /* Foundation.framework */; };
		A7EF8EB70EC6E85A004FE559 /* AudioClass.m in Sources */ = {isa = PBXBuildFile; fileRef = A7EF8EB60EC6E85A004FE559 /* AudioClass.m */; };
		A7FA12E60F16B2F70067633A /* COPEViewController.xib in Resources */ = {isa = PBXBuildFile; fileRef = A7FA12E50F16B2F70067633A /* COPEViewController.xib */; };
		A7FA12E70F16B3000067633A /* MainWindow.xib in Resources */ = {isa = PBXBuildFile; fileRef = A7FA12E30F16B2C90067633A /* MainWindow.xib */; };
/* End PBXBuildFile section */

/* Begin PBXFileReference section */
		1D3623240D0F684500981E51 /* radio3AppDelegate.h */ = {isa = PBXFileReference; fileEncoding = 4; lastKnownFileType = sourcecode.c.h; path = radio3AppDelegate.h; sourceTree = "<group>"; };
		1D3623250D0F684500981E51 /* radio3AppDelegate.m */ = {isa = PBXFileReference; fileEncoding = 4; lastKnownFileType = sourcecode.c.objc; path = radio3AppDelegate.m; sourceTree = "<group>"; };
		1D6058910D05DD3D006BFB54 /* RNE Radio.app */ = {isa = PBXFileReference; explicitFileType = wrapper.application; includeInIndex = 0; path = "RNE Radio.app"; sourceTree = BUILT_PRODUCTS_DIR; };
		2899E5210DE3E06400AC0155 /* radio3ViewController.xib */ = {isa = PBXFileReference; lastKnownFileType = file.xib; name = radio3ViewController.xib; path = Resources/RNERadio/radio3ViewController.xib; sourceTree = "<group>"; };
		28AD733E0D9D9553002E5188 /* MainWindow.xib */ = {isa = PBXFileReference; lastKnownFileType = file.xib; name = MainWindow.xib; path = Resources/RNERadio/MainWindow.xib; sourceTree = "<group>"; };
		28D7ACF60DDB3853001CB0EB /* radio3ViewController.h */ = {isa = PBXFileReference; fileEncoding = 4; lastKnownFileType = sourcecode.c.h; path = radio3ViewController.h; sourceTree = "<group>"; };
		28D7ACF70DDB3853001CB0EB /* radio3ViewController.m */ = {isa = PBXFileReference; fileEncoding = 4; lastKnownFileType = sourcecode.c.objc; path = radio3ViewController.m; sourceTree = "<group>"; };
		29B97316FDCFA39411CA2CEA /* main.m */ = {isa = PBXFileReference; fileEncoding = 4; lastKnownFileType = sourcecode.c.objc; path = main.m; sourceTree = "<group>"; };
		32CA4F630368D1EE00C91783 /* radio3_Prefix.pch */ = {isa = PBXFileReference; fileEncoding = 4; lastKnownFileType = sourcecode.c.h; path = radio3_Prefix.pch; sourceTree = "<group>"; };
		651606930ED883BC0031CDBE /* rowBackground.png */ = {isa = PBXFileReference; lastKnownFileType = image.png; name = rowBackground.png; path = Resources/RNERadio/rowBackground.png; sourceTree = "<group>"; };
		651606C90ED8A2C00031CDBE /* play.png */ = {isa = PBXFileReference; lastKnownFileType = image.png; name = play.png; path = Resources/RNERadio/play.png; sourceTree = "<group>"; };
		651606CC0ED8A5D70031CDBE /* pause.png */ = {isa = PBXFileReference; lastKnownFileType = image.png; name = pause.png; path = Resources/RNERadio/pause.png; sourceTree = "<group>"; };
		65255AD80EE574C100F4142C /* play-hl.png */ = {isa = PBXFileReference; lastKnownFileType = image.png; name = "play-hl.png"; path = "Resources/RNERadio/play-hl.png"; sourceTree = "<group>"; };
		652834A20F085C6D001CEA65 /* FIShoutcastMetadataFilter.h */ = {isa = PBXFileReference; fileEncoding = 4; lastKnownFileType = sourcecode.c.h; path = FIShoutcastMetadataFilter.h; sourceTree = "<group>"; };
		652834A30F085C6D001CEA65 /* FIShoutcastMetadataFilter.m */ = {isa = PBXFileReference; fileEncoding = 4; lastKnownFileType = sourcecode.c.objc; path = FIShoutcastMetadataFilter.m; sourceTree = "<group>"; };
		6534D16F0EDCA968008B1124 /* volume-thumb.png */ = {isa = PBXFileReference; lastKnownFileType = image.png; name = "volume-thumb.png"; path = "Resources/RNERadio/volume-thumb.png"; sourceTree = "<group>"; };
		6534D1700EDCA968008B1124 /* volume-track.png */ = {isa = PBXFileReference; lastKnownFileType = image.png; name = "volume-track.png"; path = "Resources/RNERadio/volume-track.png"; sourceTree = "<group>"; };
		654B1E540ECDFDD500E28E7E /* RNM3UParser.h */ = {isa = PBXFileReference; fileEncoding = 4; lastKnownFileType = sourcecode.c.h; path = RNM3UParser.h; sourceTree = "<group>"; };
		654B1E550ECDFDD500E28E7E /* RNM3UParser.m */ = {isa = PBXFileReference; fileEncoding = 4; lastKnownFileType = sourcecode.c.objc; path = RNM3UParser.m; sourceTree = "<group>"; };
		6560FA1B0EF7B3EF007809DB /* update_build_number.rb */ = {isa = PBXFileReference; fileEncoding = 4; lastKnownFileType = text.script.ruby; name = update_build_number.rb; path = Scripts/update_build_number.rb; sourceTree = "<group>"; };
		656A605C0EF196DF004CE686 /* iTunesArtwork */ = {isa = PBXFileReference; lastKnownFileType = file; name = iTunesArtwork; path = Resources/RNERadio/iTunesArtwork; sourceTree = "<group>"; };
		656BFC360F03A4FD006A3F15 /* FIAppDelegate.h */ = {isa = PBXFileReference; fileEncoding = 4; lastKnownFileType = sourcecode.c.h; path = FIAppDelegate.h; sourceTree = "<group>"; };
		656BFC370F03A4FD006A3F15 /* FIAppDelegate.m */ = {isa = PBXFileReference; fileEncoding = 4; lastKnownFileType = sourcecode.c.objc; path = FIAppDelegate.m; sourceTree = "<group>"; };
		656BFC420F03A80E006A3F15 /* FIViewController.h */ = {isa = PBXFileReference; fileEncoding = 4; lastKnownFileType = sourcecode.c.h; path = FIViewController.h; sourceTree = "<group>"; };
		656BFC430F03A80E006A3F15 /* FIViewController.m */ = {isa = PBXFileReference; fileEncoding = 4; lastKnownFileType = sourcecode.c.objc; path = FIViewController.m; sourceTree = "<group>"; };
		656BFC6E0F03B76F006A3F15 /* Icon.png */ = {isa = PBXFileReference; lastKnownFileType = image.png; name = Icon.png; path = Resources/FIFMRadio/Icon.png; sourceTree = "<group>"; };
		656BFC6F0F03B76F006A3F15 /* iTunesArtwork */ = {isa = PBXFileReference; lastKnownFileType = file; name = iTunesArtwork; path = Resources/FIFMRadio/iTunesArtwork; sourceTree = "<group>"; };
		656BFC730F03B7F7006A3F15 /* MainWindow.xib */ = {isa = PBXFileReference; lastKnownFileType = file.xib; name = MainWindow.xib; path = Resources/FIFMRadio/MainWindow.xib; sourceTree = "<group>"; };
		656BFC770F03B897006A3F15 /* FIViewController.xib */ = {isa = PBXFileReference; lastKnownFileType = file.xib; name = FIViewController.xib; path = Resources/FIFMRadio/FIViewController.xib; sourceTree = "<group>"; };
		656BFC830F03DEA4006A3F15 /* MediaPlayer.framework */ = {isa = PBXFileReference; lastKnownFileType = wrapper.framework; name = MediaPlayer.framework; path = System/Library/Frameworks/MediaPlayer.framework; sourceTree = SDKROOT; };
		6576DD320EEF2992004370D6 /* altavoz-on.png */ = {isa = PBXFileReference; lastKnownFileType = image.png; name = "altavoz-on.png"; path = "Resources/RNERadio/altavoz-on.png"; sourceTree = "<group>"; };
		6581FAD00EE6CD9100441607 /* pause-hl.png */ = {isa = PBXFileReference; lastKnownFileType = image.png; name = "pause-hl.png"; path = "Resources/RNERadio/pause-hl.png"; sourceTree = "<group>"; };
		6581FB360EE73DF700441607 /* loading_0.png */ = {isa = PBXFileReference; lastKnownFileType = image.png; name = loading_0.png; path = Resources/RNERadio/loading_0.png; sourceTree = "<group>"; };
		6581FB370EE73DF700441607 /* loading_1.png */ = {isa = PBXFileReference; lastKnownFileType = image.png; name = loading_1.png; path = Resources/RNERadio/loading_1.png; sourceTree = "<group>"; };
		6581FB380EE73DF700441607 /* loading_2.png */ = {isa = PBXFileReference; lastKnownFileType = image.png; name = loading_2.png; path = Resources/RNERadio/loading_2.png; sourceTree = "<group>"; };
		6581FB390EE73DF700441607 /* loading_3.png */ = {isa = PBXFileReference; lastKnownFileType = image.png; name = loading_3.png; path = Resources/RNERadio/loading_3.png; sourceTree = "<group>"; };
		6582EC620F029C9200E7051A /* FI-FM Radio.app */ = {isa = PBXFileReference; explicitFileType = wrapper.application; includeInIndex = 0; path = "FI-FM Radio.app"; sourceTree = BUILT_PRODUCTS_DIR; };
		6582EC640F029C9200E7051A /* RadioFIFM-Info.plist */ = {isa = PBXFileReference; lastKnownFileType = text.plist.xml; name = "RadioFIFM-Info.plist"; path = "Resources/FIFMRadio/RadioFIFM-Info.plist"; sourceTree = "<group>"; };
		658687530ECEFB9100EB9D99 /* Unit tests.app */ = {isa = PBXFileReference; explicitFileType = wrapper.application; includeInIndex = 0; path = "Unit tests.app"; sourceTree = BUILT_PRODUCTS_DIR; };
		658687550ECEFB9100EB9D99 /* Unit tests-Info.plist */ = {isa = PBXFileReference; lastKnownFileType = text.plist.xml; name = "Unit tests-Info.plist"; path = "Resources/Unit tests-Info.plist"; sourceTree = "<group>"; };
		6586878A0ECF021A00EB9D99 /* GTMDefines.h */ = {isa = PBXFileReference; fileEncoding = 4; lastKnownFileType = sourcecode.c.h; name = GTMDefines.h; path = GTM/GTMDefines.h; sourceTree = "<group>"; };
		6586878B0ECF023100EB9D99 /* GTMIPhoneUnitTestDelegate.h */ = {isa = PBXFileReference; fileEncoding = 4; lastKnownFileType = sourcecode.c.h; name = GTMIPhoneUnitTestDelegate.h; path = GTM/GTMIPhoneUnitTestDelegate.h; sourceTree = "<group>"; };
		6586878C0ECF023100EB9D99 /* GTMIPhoneUnitTestDelegate.m */ = {isa = PBXFileReference; fileEncoding = 4; lastKnownFileType = sourcecode.c.objc; name = GTMIPhoneUnitTestDelegate.m; path = GTM/GTMIPhoneUnitTestDelegate.m; sourceTree = "<group>"; };
		6586878D0ECF023100EB9D99 /* GTMIPhoneUnitTestMain.m */ = {isa = PBXFileReference; fileEncoding = 4; lastKnownFileType = sourcecode.c.objc; name = GTMIPhoneUnitTestMain.m; path = GTM/GTMIPhoneUnitTestMain.m; sourceTree = "<group>"; };
		6586878E0ECF023100EB9D99 /* GTMSenTestCase.h */ = {isa = PBXFileReference; fileEncoding = 4; lastKnownFileType = sourcecode.c.h; name = GTMSenTestCase.h; path = GTM/GTMSenTestCase.h; sourceTree = "<group>"; };
		6586878F0ECF023100EB9D99 /* GTMSenTestCase.m */ = {isa = PBXFileReference; fileEncoding = 4; lastKnownFileType = sourcecode.c.objc; name = GTMSenTestCase.m; path = GTM/GTMSenTestCase.m; sourceTree = "<group>"; };
		658687A10ECF040200EB9D99 /* RNM3UParserTest.h */ = {isa = PBXFileReference; fileEncoding = 4; lastKnownFileType = sourcecode.c.h; name = RNM3UParserTest.h; path = Test/RNM3UParserTest.h; sourceTree = "<group>"; };
		658687A20ECF040200EB9D99 /* RNM3UParserTest.m */ = {isa = PBXFileReference; fileEncoding = 4; lastKnownFileType = sourcecode.c.objc; name = RNM3UParserTest.m; path = Test/RNM3UParserTest.m; sourceTree = "<group>"; };
		65AC95660ED4AEEF00ADD701 /* radios.plist */ = {isa = PBXFileReference; fileEncoding = 4; lastKnownFileType = text.plist.xml; name = radios.plist; path = Resources/RNERadio/radios.plist; sourceTree = "<group>"; };
		65BD5E060F09B08000D283D4 /* Kiss Radio.app */ = {isa = PBXFileReference; explicitFileType = wrapper.application; includeInIndex = 0; path = "Kiss Radio.app"; sourceTree = BUILT_PRODUCTS_DIR; };
		65BD5E080F09B08100D283D4 /* KissRadio-Info.plist */ = {isa = PBXFileReference; lastKnownFileType = text.plist.xml; name = "KissRadio-Info.plist"; path = "Resources/KissRadio/KissRadio-Info.plist"; sourceTree = "<group>"; };
		65BD5E1C0F09B1E500D283D4 /* KSAppDelegate.h */ = {isa = PBXFileReference; fileEncoding = 4; lastKnownFileType = sourcecode.c.h; path = KSAppDelegate.h; sourceTree = "<group>"; };
		65BD5E1D0F09B1E500D283D4 /* KSAppDelegate.m */ = {isa = PBXFileReference; fileEncoding = 4; lastKnownFileType = sourcecode.c.objc; path = KSAppDelegate.m; sourceTree = "<group>"; };
		65BD5E1F0F09B2CF00D283D4 /* KSViewController.h */ = {isa = PBXFileReference; fileEncoding = 4; lastKnownFileType = sourcecode.c.h; path = KSViewController.h; sourceTree = "<group>"; };
		65BD5E200F09B2CF00D283D4 /* KSViewController.m */ = {isa = PBXFileReference; fileEncoding = 4; lastKnownFileType = sourcecode.c.objc; path = KSViewController.m; sourceTree = "<group>"; };
		65BD5E230F09B9F000D283D4 /* Icon.png */ = {isa = PBXFileReference; lastKnownFileType = image.png; name = Icon.png; path = Resources/KissRadio/Icon.png; sourceTree = "<group>"; };
		65BD5E240F09B9F000D283D4 /* iTunesArtwork */ = {isa = PBXFileReference; lastKnownFileType = file; name = iTunesArtwork; path = Resources/KissRadio/iTunesArtwork; sourceTree = "<group>"; };
		65C452920EED3D77006AB1DD /* Reachability.h */ = {isa = PBXFileReference; fileEncoding = 4; lastKnownFileType = sourcecode.c.h; path = Reachability.h; sourceTree = "<group>"; };
		65C452930EED3D77006AB1DD /* Reachability.m */ = {isa = PBXFileReference; fileEncoding = 4; lastKnownFileType = sourcecode.c.objc; path = Reachability.m; sourceTree = "<group>"; };
		65C452B80EED473E006AB1DD /* SystemConfiguration.framework */ = {isa = PBXFileReference; lastKnownFileType = wrapper.framework; name = SystemConfiguration.framework; path = System/Library/Frameworks/SystemConfiguration.framework; sourceTree = SDKROOT; };
		65D36A000ED9FD36009A548C /* altavoz.png */ = {isa = PBXFileReference; lastKnownFileType = image.png; name = altavoz.png; path = Resources/RNERadio/altavoz.png; sourceTree = "<group>"; };
		65E102F00EE06051009FA316 /* InfoView.xib */ = {isa = PBXFileReference; lastKnownFileType = file.xib; name = InfoView.xib; path = Resources/RNERadio/InfoView.xib; sourceTree = "<group>"; };
		65E103390EE069B3009FA316 /* RadiosView.xib */ = {isa = PBXFileReference; lastKnownFileType = file.xib; name = RadiosView.xib; path = Resources/RNERadio/RadiosView.xib; sourceTree = "<group>"; };
		65F6F0CF0F18FD6700B0B070 /* radios.plist */ = {isa = PBXFileReference; fileEncoding = 4; lastKnownFileType = text.plist.xml; name = radios.plist; path = Resources/COPERadio/radios.plist; sourceTree = "<group>"; };
		65F6F1290F190A0F00B0B070 /* Default.png */ = {isa = PBXFileReference; lastKnownFileType = image.png; name = Default.png; path = Resources/COPERadio/Default.png; sourceTree = "<group>"; };
		65F6F12E0F190B9E00B0B070 /* bottom-bar.png */ = {isa = PBXFileReference; lastKnownFileType = image.png; name = "bottom-bar.png"; path = "Resources/COPERadio/bottom-bar.png"; sourceTree = "<group>"; };
		65F6F12F0F190B9E00B0B070 /* loading_0.png */ = {isa = PBXFileReference; lastKnownFileType = image.png; name = loading_0.png; path = Resources/COPERadio/loading_0.png; sourceTree = "<group>"; };
		65F6F1300F190B9E00B0B070 /* loading_1.png */ = {isa = PBXFileReference; lastKnownFileType = image.png; name = loading_1.png; path = Resources/COPERadio/loading_1.png; sourceTree = "<group>"; };
		65F6F1310F190B9E00B0B070 /* loading_2.png */ = {isa = PBXFileReference; lastKnownFileType = image.png; name = loading_2.png; path = Resources/COPERadio/loading_2.png; sourceTree = "<group>"; };
		65F6F1320F190B9E00B0B070 /* loading_3.png */ = {isa = PBXFileReference; lastKnownFileType = image.png; name = loading_3.png; path = Resources/COPERadio/loading_3.png; sourceTree = "<group>"; };
		65F6F1330F190B9E00B0B070 /* pause-hl.png */ = {isa = PBXFileReference; lastKnownFileType = image.png; name = "pause-hl.png"; path = "Resources/COPERadio/pause-hl.png"; sourceTree = "<group>"; };
		65F6F1340F190B9E00B0B070 /* pause.png */ = {isa = PBXFileReference; lastKnownFileType = image.png; name = pause.png; path = Resources/COPERadio/pause.png; sourceTree = "<group>"; };
		65F6F1350F190B9E00B0B070 /* play-hl.png */ = {isa = PBXFileReference; lastKnownFileType = image.png; name = "play-hl.png"; path = "Resources/COPERadio/play-hl.png"; sourceTree = "<group>"; };
		65F6F1360F190B9E00B0B070 /* play.png */ = {isa = PBXFileReference; lastKnownFileType = image.png; name = play.png; path = Resources/COPERadio/play.png; sourceTree = "<group>"; };
		65F6F1370F190B9E00B0B070 /* top-bar.png */ = {isa = PBXFileReference; lastKnownFileType = image.png; name = "top-bar.png"; path = "Resources/COPERadio/top-bar.png"; sourceTree = "<group>"; };
		65F6F1380F190B9E00B0B070 /* volume-thumb.png */ = {isa = PBXFileReference; lastKnownFileType = image.png; name = "volume-thumb.png"; path = "Resources/COPERadio/volume-thumb.png"; sourceTree = "<group>"; };
		65F6F1390F190B9E00B0B070 /* volume-track.png */ = {isa = PBXFileReference; lastKnownFileType = image.png; name = "volume-track.png"; path = "Resources/COPERadio/volume-track.png"; sourceTree = "<group>"; };
		65F6F1460F190DF400B0B070 /* background.png */ = {isa = PBXFileReference; lastKnownFileType = image.png; name = background.png; path = Resources/COPERadio/background.png; sourceTree = "<group>"; };
		65F6F1470F190DF400B0B070 /* cope-icon-hl.png */ = {isa = PBXFileReference; lastKnownFileType = image.png; name = "cope-icon-hl.png"; path = "Resources/COPERadio/cope-icon-hl.png"; sourceTree = "<group>"; };
		65F6F1480F190DF400B0B070 /* cope-icon.png */ = {isa = PBXFileReference; lastKnownFileType = image.png; name = "cope-icon.png"; path = "Resources/COPERadio/cope-icon.png"; sourceTree = "<group>"; };
		65F6F1490F190DF400B0B070 /* needle.png */ = {isa = PBXFileReference; lastKnownFileType = image.png; name = needle.png; path = Resources/COPERadio/needle.png; sourceTree = "<group>"; };
		65F6F14A0F190DF400B0B070 /* rng-icon-hl.png */ = {isa = PBXFileReference; lastKnownFileType = image.png; name = "rng-icon-hl.png"; path = "Resources/COPERadio/rng-icon-hl.png"; sourceTree = "<group>"; };
		65F6F1500F190E3600B0B070 /* rng-icon.png */ = {isa = PBXFileReference; lastKnownFileType = image.png; name = "rng-icon.png"; path = "Resources/COPERadio/rng-icon.png"; sourceTree = "<group>"; };
		65F6F1930F19170700B0B070 /* InfoView.xib */ = {isa = PBXFileReference; lastKnownFileType = file.xib; name = InfoView.xib; path = Resources/COPERadio/InfoView.xib; sourceTree = "<group>"; };
		65F6F1990F19198F00B0B070 /* RadiosView.xib */ = {isa = PBXFileReference; lastKnownFileType = file.xib; name = RadiosView.xib; path = Resources/COPERadio/RadiosView.xib; sourceTree = "<group>"; };
		65FD71850EF9AC4600C6FBD6 /* RNFileLogger.h */ = {isa = PBXFileReference; fileEncoding = 4; lastKnownFileType = sourcecode.c.h; path = RNFileLogger.h; sourceTree = "<group>"; };
		65FD71860EF9AC4600C6FBD6 /* RNFileLogger.m */ = {isa = PBXFileReference; fileEncoding = 4; lastKnownFileType = sourcecode.c.objc; path = RNFileLogger.m; sourceTree = "<group>"; };
		8D1107310486CEB800E47090 /* Info.plist */ = {isa = PBXFileReference; fileEncoding = 4; lastKnownFileType = text.plist.xml; name = Info.plist; path = Resources/RNERadio/Info.plist; sourceTree = "<group>"; };
		A72D13BC0EC7A06800CBB890 /* Default.png */ = {isa = PBXFileReference; lastKnownFileType = image.png; name = Default.png; path = Resources/RNERadio/Default.png; sourceTree = "<group>"; };
		A73C06690EC851E700A1B6F5 /* background.png */ = {isa = PBXFileReference; lastKnownFileType = image.png; name = background.png; path = Resources/RNERadio/background.png; sourceTree = "<group>"; };
		A756BCB50EE9497200BECFFA /* entl.plist */ = {isa = PBXFileReference; fileEncoding = 4; lastKnownFileType = text.plist.xml; name = entl.plist; path = Resources/entl.plist; sourceTree = "<group>"; };
		A7A28D8A0EC7781700963966 /* Icon.png */ = {isa = PBXFileReference; lastKnownFileType = image.png; name = Icon.png; path = Resources/RNERadio/Icon.png; sourceTree = "<group>"; };
		A7E761150EE9C4BF00E2F2BE /* AudioToolbox.framework */ = {isa = PBXFileReference; lastKnownFileType = wrapper.framework; name = AudioToolbox.framework; path = System/Library/Frameworks/AudioToolbox.framework; sourceTree = SDKROOT; };
		A7E761160EE9C4BF00E2F2BE /* CoreGraphics.framework */ = {isa = PBXFileReference; lastKnownFileType = wrapper.framework; name = CoreGraphics.framework; path = System/Library/Frameworks/CoreGraphics.framework; sourceTree = SDKROOT; };
		A7E761180EE9C4BF00E2F2BE /* Security.framework */ = {isa = PBXFileReference; lastKnownFileType = wrapper.framework; name = Security.framework; path = System/Library/Frameworks/Security.framework; sourceTree = SDKROOT; };
		A7E761190EE9C4BF00E2F2BE /* UIKit.framework */ = {isa = PBXFileReference; lastKnownFileType = wrapper.framework; name = UIKit.framework; path = System/Library/Frameworks/UIKit.framework; sourceTree = SDKROOT; };
		A7E761720EE9C5F100E2F2BE /* Foundation.framework */ = {isa = PBXFileReference; lastKnownFileType = wrapper.framework; name = Foundation.framework; path = System/Library/Frameworks/Foundation.framework; sourceTree = SDKROOT; };
		A7EF8EB50EC6E85A004FE559 /* AudioClass.h */ = {isa = PBXFileReference; fileEncoding = 4; lastKnownFileType = sourcecode.c.h; path = AudioClass.h; sourceTree = "<group>"; };
		A7EF8EB60EC6E85A004FE559 /* AudioClass.m */ = {isa = PBXFileReference; fileEncoding = 4; lastKnownFileType = sourcecode.c.objc; path = AudioClass.m; sourceTree = "<group>"; };
		A7FA127F0F16A5B10067633A /* COPEAppDelegate.h */ = {isa = PBXFileReference; fileEncoding = 4; lastKnownFileType = sourcecode.c.h; path = COPEAppDelegate.h; sourceTree = "<group>"; };
		A7FA12800F16A5B10067633A /* COPEAppDelegate.m */ = {isa = PBXFileReference; fileEncoding = 4; lastKnownFileType = sourcecode.c.objc; path = COPEAppDelegate.m; sourceTree = "<group>"; };
		A7FA12820F16A5C70067633A /* COPEViewController.h */ = {isa = PBXFileReference; fileEncoding = 4; lastKnownFileType = sourcecode.c.h; path = COPEViewController.h; sourceTree = "<group>"; };
		A7FA12830F16A5C70067633A /* COPEViewController.m */ = {isa = PBXFileReference; fileEncoding = 4; lastKnownFileType = sourcecode.c.objc; path = COPEViewController.m; sourceTree = "<group>"; };
		A7FA12C10F16B2800067633A /* COPERadio.app */ = {isa = PBXFileReference; explicitFileType = wrapper.application; includeInIndex = 0; path = COPERadio.app; sourceTree = BUILT_PRODUCTS_DIR; };
		A7FA12C30F16B2800067633A /* COPERadio-Info.plist */ = {isa = PBXFileReference; lastKnownFileType = text.plist.xml; name = "COPERadio-Info.plist"; path = "Resources/COPERadio/COPERadio-Info.plist"; sourceTree = "<group>"; };
		A7FA12E30F16B2C90067633A /* MainWindow.xib */ = {isa = PBXFileReference; lastKnownFileType = file.xib; name = MainWindow.xib; path = Resources/COPERadio/MainWindow.xib; sourceTree = "<group>"; };
		A7FA12E50F16B2F70067633A /* COPEViewController.xib */ = {isa = PBXFileReference; lastKnownFileType = file.xib; name = COPEViewController.xib; path = Resources/COPERadio/COPEViewController.xib; sourceTree = "<group>"; };
/* End PBXFileReference section */

/* Begin PBXFrameworksBuildPhase section */
		1D60588F0D05DD3D006BFB54 /* Frameworks */ = {
			isa = PBXFrameworksBuildPhase;
			buildActionMask = 2147483647;
			files = (
				A7E7611A0EE9C4BF00E2F2BE /* AudioToolbox.framework in Frameworks */,
				A7E7611B0EE9C4BF00E2F2BE /* CoreGraphics.framework in Frameworks */,
				A7E7611D0EE9C4BF00E2F2BE /* Security.framework in Frameworks */,
				A7E7611E0EE9C4BF00E2F2BE /* UIKit.framework in Frameworks */,
				A7E761730EE9C5F100E2F2BE /* Foundation.framework in Frameworks */,
				65C452B90EED473E006AB1DD /* SystemConfiguration.framework in Frameworks */,
				656BFD290F03F172006A3F15 /* MediaPlayer.framework in Frameworks */,
			);
			runOnlyForDeploymentPostprocessing = 0;
		};
		6582EC600F029C9200E7051A /* Frameworks */ = {
			isa = PBXFrameworksBuildPhase;
			buildActionMask = 2147483647;
			files = (
				656BFC4E0F03B6F5006A3F15 /* AudioToolbox.framework in Frameworks */,
				656BFC4F0F03B6F6006A3F15 /* CoreGraphics.framework in Frameworks */,
				656BFC500F03B6F7006A3F15 /* Foundation.framework in Frameworks */,
				656BFC520F03B701006A3F15 /* UIKit.framework in Frameworks */,
				656BFC840F03DEA4006A3F15 /* MediaPlayer.framework in Frameworks */,
				656BFC900F03DFD6006A3F15 /* SystemConfiguration.framework in Frameworks */,
			);
			runOnlyForDeploymentPostprocessing = 0;
		};
		658687510ECEFB9100EB9D99 /* Frameworks */ = {
			isa = PBXFrameworksBuildPhase;
			buildActionMask = 2147483647;
			files = (
			);
			runOnlyForDeploymentPostprocessing = 0;
		};
		65BD5E040F09B08000D283D4 /* Frameworks */ = {
			isa = PBXFrameworksBuildPhase;
			buildActionMask = 2147483647;
			files = (
				65BD5E130F09B18300D283D4 /* AudioToolbox.framework in Frameworks */,
				65BD5E140F09B18400D283D4 /* CoreGraphics.framework in Frameworks */,
				65BD5E150F09B18600D283D4 /* Foundation.framework in Frameworks */,
				65BD5E160F09B18700D283D4 /* MediaPlayer.framework in Frameworks */,
				65BD5E170F09B18900D283D4 /* SystemConfiguration.framework in Frameworks */,
				65BD5E180F09B18A00D283D4 /* UIKit.framework in Frameworks */,
			);
			runOnlyForDeploymentPostprocessing = 0;
		};
		A7FA12BF0F16B2800067633A /* Frameworks */ = {
			isa = PBXFrameworksBuildPhase;
			buildActionMask = 2147483647;
			files = (
				65F6F0840F18F57F00B0B070 /* AudioToolbox.framework in Frameworks */,
				65F6F0850F18F58200B0B070 /* Foundation.framework in Frameworks */,
				65F6F0860F18F58300B0B070 /* MediaPlayer.framework in Frameworks */,
				65F6F0870F18F58700B0B070 /* UIKit.framework in Frameworks */,
				65F6F0A60F18F83E00B0B070 /* SystemConfiguration.framework in Frameworks */,
			);
			runOnlyForDeploymentPostprocessing = 0;
		};
/* End PBXFrameworksBuildPhase section */

/* Begin PBXGroup section */
		080E96DDFE201D6D7F000001 /* Classes */ = {
			isa = PBXGroup;
			children = (
				A7FA127C0F16A5810067633A /* COPERadio */,
				65BD5DF20F09B05800D283D4 /* KissRadio */,
				656BFC350F03A4C4006A3F15 /* FIFMRadio */,
				65C452920EED3D77006AB1DD /* Reachability.h */,
				65C452930EED3D77006AB1DD /* Reachability.m */,
				654B1E540ECDFDD500E28E7E /* RNM3UParser.h */,
				654B1E550ECDFDD500E28E7E /* RNM3UParser.m */,
				656BFC340F03A4B8006A3F15 /* RNERadio */,
				A7EF8EB50EC6E85A004FE559 /* AudioClass.h */,
				A7EF8EB60EC6E85A004FE559 /* AudioClass.m */,
				65FD71850EF9AC4600C6FBD6 /* RNFileLogger.h */,
				65FD71860EF9AC4600C6FBD6 /* RNFileLogger.m */,
			);
			path = Classes;
			sourceTree = "<group>";
		};
		19C28FACFE9D520D11CA2CBB /* Products */ = {
			isa = PBXGroup;
			children = (
				1D6058910D05DD3D006BFB54 /* RNE Radio.app */,
				658687530ECEFB9100EB9D99 /* Unit tests.app */,
				6582EC620F029C9200E7051A /* FI-FM Radio.app */,
				65BD5E060F09B08000D283D4 /* Kiss Radio.app */,
				A7FA12C10F16B2800067633A /* COPERadio.app */,
			);
			name = Products;
			sourceTree = "<group>";
		};
		29B97314FDCFA39411CA2CEA /* CustomTemplate */ = {
			isa = PBXGroup;
			children = (
				6560FA1A0EF7B3BF007809DB /* Scripts */,
				6586879F0ECF033900EB9D99 /* Test */,
				658687710ECEFCC300EB9D99 /* GTM */,
				080E96DDFE201D6D7F000001 /* Classes */,
				29B97315FDCFA39411CA2CEA /* Other Sources */,
				29B97317FDCFA39411CA2CEA /* Resources */,
				29B97323FDCFA39411CA2CEA /* Frameworks */,
				19C28FACFE9D520D11CA2CBB /* Products */,
			);
			name = CustomTemplate;
			sourceTree = "<group>";
		};
		29B97315FDCFA39411CA2CEA /* Other Sources */ = {
			isa = PBXGroup;
			children = (
				32CA4F630368D1EE00C91783 /* radio3_Prefix.pch */,
				29B97316FDCFA39411CA2CEA /* main.m */,
			);
			name = "Other Sources";
			sourceTree = "<group>";
		};
		29B97317FDCFA39411CA2CEA /* Resources */ = {
			isa = PBXGroup;
			children = (
				A7FA12C90F16B2950067633A /* COPERadio */,
				65BD5DF30F09B06500D283D4 /* KissRadio */,
				6582EC6F0F029E9C00E7051A /* FIFMRadio */,
				6582EC6E0F029E7500E7051A /* RNERadio */,
				658687550ECEFB9100EB9D99 /* Unit tests-Info.plist */,
				A756BCB50EE9497200BECFFA /* entl.plist */,
			);
			name = Resources;
			sourceTree = "<group>";
		};
		29B97323FDCFA39411CA2CEA /* Frameworks */ = {
			isa = PBXGroup;
			children = (
				656BFC830F03DEA4006A3F15 /* MediaPlayer.framework */,
				65C452B80EED473E006AB1DD /* SystemConfiguration.framework */,
				A7E761720EE9C5F100E2F2BE /* Foundation.framework */,
				A7E761150EE9C4BF00E2F2BE /* AudioToolbox.framework */,
				A7E761160EE9C4BF00E2F2BE /* CoreGraphics.framework */,
				A7E761180EE9C4BF00E2F2BE /* Security.framework */,
				A7E761190EE9C4BF00E2F2BE /* UIKit.framework */,
			);
			name = Frameworks;
			sourceTree = "<group>";
		};
		6560FA1A0EF7B3BF007809DB /* Scripts */ = {
			isa = PBXGroup;
			children = (
				6560FA1B0EF7B3EF007809DB /* update_build_number.rb */,
			);
			name = Scripts;
			sourceTree = "<group>";
		};
		656BFC340F03A4B8006A3F15 /* RNERadio */ = {
			isa = PBXGroup;
			children = (
				1D3623240D0F684500981E51 /* radio3AppDelegate.h */,
				1D3623250D0F684500981E51 /* radio3AppDelegate.m */,
				28D7ACF60DDB3853001CB0EB /* radio3ViewController.h */,
				28D7ACF70DDB3853001CB0EB /* radio3ViewController.m */,
			);
			name = RNERadio;
			sourceTree = "<group>";
		};
		656BFC350F03A4C4006A3F15 /* FIFMRadio */ = {
			isa = PBXGroup;
			children = (
				656BFC360F03A4FD006A3F15 /* FIAppDelegate.h */,
				656BFC370F03A4FD006A3F15 /* FIAppDelegate.m */,
				656BFC420F03A80E006A3F15 /* FIViewController.h */,
				656BFC430F03A80E006A3F15 /* FIViewController.m */,
				652834A20F085C6D001CEA65 /* FIShoutcastMetadataFilter.h */,
				652834A30F085C6D001CEA65 /* FIShoutcastMetadataFilter.m */,
			);
			name = FIFMRadio;
			sourceTree = "<group>";
		};
		6582EC6E0F029E7500E7051A /* RNERadio */ = {
			isa = PBXGroup;
			children = (
				A72D13BC0EC7A06800CBB890 /* Default.png */,
				651606CC0ED8A5D70031CDBE /* pause.png */,
				651606C90ED8A2C00031CDBE /* play.png */,
				651606930ED883BC0031CDBE /* rowBackground.png */,
				A73C06690EC851E700A1B6F5 /* background.png */,
				A7A28D8A0EC7781700963966 /* Icon.png */,
				2899E5210DE3E06400AC0155 /* radio3ViewController.xib */,
				28AD733E0D9D9553002E5188 /* MainWindow.xib */,
				8D1107310486CEB800E47090 /* Info.plist */,
				65E102F00EE06051009FA316 /* InfoView.xib */,
				65E103390EE069B3009FA316 /* RadiosView.xib */,
				65D36A000ED9FD36009A548C /* altavoz.png */,
				6534D1700EDCA968008B1124 /* volume-track.png */,
				6534D16F0EDCA968008B1124 /* volume-thumb.png */,
				65255AD80EE574C100F4142C /* play-hl.png */,
				6581FAD00EE6CD9100441607 /* pause-hl.png */,
				6581FB390EE73DF700441607 /* loading_3.png */,
				6581FB380EE73DF700441607 /* loading_2.png */,
				6581FB370EE73DF700441607 /* loading_1.png */,
				6581FB360EE73DF700441607 /* loading_0.png */,
				6576DD320EEF2992004370D6 /* altavoz-on.png */,
				656A605C0EF196DF004CE686 /* iTunesArtwork */,
				65AC95660ED4AEEF00ADD701 /* radios.plist */,
			);
			name = RNERadio;
			sourceTree = "<group>";
		};
		6582EC6F0F029E9C00E7051A /* FIFMRadio */ = {
			isa = PBXGroup;
			children = (
				656BFC6E0F03B76F006A3F15 /* Icon.png */,
				656BFC6F0F03B76F006A3F15 /* iTunesArtwork */,
				6582EC640F029C9200E7051A /* RadioFIFM-Info.plist */,
				656BFC730F03B7F7006A3F15 /* MainWindow.xib */,
				656BFC770F03B897006A3F15 /* FIViewController.xib */,
			);
			name = FIFMRadio;
			sourceTree = "<group>";
		};
		658687710ECEFCC300EB9D99 /* GTM */ = {
			isa = PBXGroup;
			children = (
				6586878B0ECF023100EB9D99 /* GTMIPhoneUnitTestDelegate.h */,
				6586878C0ECF023100EB9D99 /* GTMIPhoneUnitTestDelegate.m */,
				6586878D0ECF023100EB9D99 /* GTMIPhoneUnitTestMain.m */,
				6586878E0ECF023100EB9D99 /* GTMSenTestCase.h */,
				6586878F0ECF023100EB9D99 /* GTMSenTestCase.m */,
				6586878A0ECF021A00EB9D99 /* GTMDefines.h */,
			);
			name = GTM;
			sourceTree = "<group>";
		};
		6586879F0ECF033900EB9D99 /* Test */ = {
			isa = PBXGroup;
			children = (
				658687A10ECF040200EB9D99 /* RNM3UParserTest.h */,
				658687A20ECF040200EB9D99 /* RNM3UParserTest.m */,
			);
			name = Test;
			sourceTree = "<group>";
		};
		65BD5DF20F09B05800D283D4 /* KissRadio */ = {
			isa = PBXGroup;
			children = (
				65BD5E1C0F09B1E500D283D4 /* KSAppDelegate.h */,
				65BD5E1D0F09B1E500D283D4 /* KSAppDelegate.m */,
				65BD5E1F0F09B2CF00D283D4 /* KSViewController.h */,
				65BD5E200F09B2CF00D283D4 /* KSViewController.m */,
			);
			name = KissRadio;
			sourceTree = "<group>";
		};
		65BD5DF30F09B06500D283D4 /* KissRadio */ = {
			isa = PBXGroup;
			children = (
				65BD5E230F09B9F000D283D4 /* Icon.png */,
				65BD5E240F09B9F000D283D4 /* iTunesArtwork */,
				65BD5E080F09B08100D283D4 /* KissRadio-Info.plist */,
			);
			name = KissRadio;
			sourceTree = "<group>";
		};
		A7FA127C0F16A5810067633A /* COPERadio */ = {
			isa = PBXGroup;
			children = (
				A7FA127F0F16A5B10067633A /* COPEAppDelegate.h */,
				A7FA12800F16A5B10067633A /* COPEAppDelegate.m */,
				A7FA12820F16A5C70067633A /* COPEViewController.h */,
				A7FA12830F16A5C70067633A /* COPEViewController.m */,
			);
			name = COPERadio;
			sourceTree = "<group>";
		};
		A7FA12C90F16B2950067633A /* COPERadio */ = {
			isa = PBXGroup;
			children = (
				65F6F1930F19170700B0B070 /* InfoView.xib */,
				65F6F1500F190E3600B0B070 /* rng-icon.png */,
				65F6F1460F190DF400B0B070 /* background.png */,
				65F6F1470F190DF400B0B070 /* cope-icon-hl.png */,
				65F6F1480F190DF400B0B070 /* cope-icon.png */,
				65F6F1490F190DF400B0B070 /* needle.png */,
				65F6F14A0F190DF400B0B070 /* rng-icon-hl.png */,
				65F6F12E0F190B9E00B0B070 /* bottom-bar.png */,
				65F6F12F0F190B9E00B0B070 /* loading_0.png */,
				65F6F1300F190B9E00B0B070 /* loading_1.png */,
				65F6F1310F190B9E00B0B070 /* loading_2.png */,
				65F6F1320F190B9E00B0B070 /* loading_3.png */,
				65F6F1330F190B9E00B0B070 /* pause-hl.png */,
				65F6F1340F190B9E00B0B070 /* pause.png */,
				65F6F1350F190B9E00B0B070 /* play-hl.png */,
				65F6F1360F190B9E00B0B070 /* play.png */,
				65F6F1370F190B9E00B0B070 /* top-bar.png */,
				65F6F1380F190B9E00B0B070 /* volume-thumb.png */,
				65F6F1390F190B9E00B0B070 /* volume-track.png */,
				65F6F1290F190A0F00B0B070 /* Default.png */,
				65F6F0CF0F18FD6700B0B070 /* radios.plist */,
				A7FA12C30F16B2800067633A /* COPERadio-Info.plist */,
				A7FA12E30F16B2C90067633A /* MainWindow.xib */,
				A7FA12E50F16B2F70067633A /* COPEViewController.xib */,
				65F6F1990F19198F00B0B070 /* RadiosView.xib */,
			);
			name = COPERadio;
			sourceTree = "<group>";
		};
/* End PBXGroup section */

/* Begin PBXNativeTarget section */
		1D6058900D05DD3D006BFB54 /* RNERadio.app */ = {
			isa = PBXNativeTarget;
			buildConfigurationList = 1D6058960D05DD3E006BFB54 /* Build configuration list for PBXNativeTarget "RNERadio.app" */;
			buildPhases = (
				656354910EF9472C00AD52AE /* Update build number */,
				1D60588D0D05DD3D006BFB54 /* Resources */,
				1D60588E0D05DD3D006BFB54 /* Sources */,
				1D60588F0D05DD3D006BFB54 /* Frameworks */,
			);
			buildRules = (
			);
			dependencies = (
			);
			name = RNERadio.app;
			productName = radio3;
			productReference = 1D6058910D05DD3D006BFB54 /* RNE Radio.app */;
			productType = "com.apple.product-type.application";
		};
		6582EC610F029C9200E7051A /* FIFMRadio.app */ = {
			isa = PBXNativeTarget;
			buildConfigurationList = 6582EC690F029C9300E7051A /* Build configuration list for PBXNativeTarget "FIFMRadio.app" */;
			buildPhases = (
				6582EC6B0F029CB100E7051A /* Update build number */,
				6582EC5E0F029C9200E7051A /* Resources */,
				6582EC5F0F029C9200E7051A /* Sources */,
				6582EC600F029C9200E7051A /* Frameworks */,
			);
			buildRules = (
			);
			dependencies = (
			);
			name = FIFMRadio.app;
			productName = RadioFIFM;
			productReference = 6582EC620F029C9200E7051A /* FI-FM Radio.app */;
			productType = "com.apple.product-type.application";
		};
		658687520ECEFB9100EB9D99 /* Unit tests */ = {
			isa = PBXNativeTarget;
			buildConfigurationList = 658687580ECEFB9200EB9D99 /* Build configuration list for PBXNativeTarget "Unit tests" */;
			buildPhases = (
				6586874F0ECEFB9100EB9D99 /* Resources */,
				658687500ECEFB9100EB9D99 /* Sources */,
				658687510ECEFB9100EB9D99 /* Frameworks */,
				658687630ECEFC0700EB9D99 /* Run Unit Tests */,
			);
			buildRules = (
			);
			dependencies = (
			);
			name = "Unit tests";
			productName = "Unit tests";
			productReference = 658687530ECEFB9100EB9D99 /* Unit tests.app */;
			productType = "com.apple.product-type.application";
		};
		65BD5E050F09B08000D283D4 /* KissRadio.app */ = {
			isa = PBXNativeTarget;
			buildConfigurationList = 65BD5E0D0F09B08200D283D4 /* Build configuration list for PBXNativeTarget "KissRadio.app" */;
			buildPhases = (
				65BD5E120F09B11700D283D4 /* Update build number */,
				65BD5E020F09B08000D283D4 /* Resources */,
				65BD5E030F09B08000D283D4 /* Sources */,
				65BD5E040F09B08000D283D4 /* Frameworks */,
			);
			buildRules = (
			);
			dependencies = (
			);
			name = KissRadio.app;
			productName = KissRadio;
			productReference = 65BD5E060F09B08000D283D4 /* Kiss Radio.app */;
			productType = "com.apple.product-type.application";
		};
		A7FA12C00F16B2800067633A /* COPERadio */ = {
			isa = PBXNativeTarget;
			buildConfigurationList = A7FA12C80F16B2820067633A /* Build configuration list for PBXNativeTarget "COPERadio" */;
			buildPhases = (
				65F6F07A0F18F4FC00B0B070 /* Update build number */,
				A7FA12BD0F16B2800067633A /* Resources */,
				A7FA12BE0F16B2800067633A /* Sources */,
				A7FA12BF0F16B2800067633A /* Frameworks */,
			);
			buildRules = (
			);
			dependencies = (
			);
			name = COPERadio;
			productName = COPERadio;
			productReference = A7FA12C10F16B2800067633A /* COPERadio.app */;
			productType = "com.apple.product-type.application";
		};
/* End PBXNativeTarget section */

/* Begin PBXProject section */
		29B97313FDCFA39411CA2CEA /* Project object */ = {
			isa = PBXProject;
			buildConfigurationList = C01FCF4E08A954540054247B /* Build configuration list for PBXProject "radio3" */;
			compatibilityVersion = "Xcode 3.1";
			hasScannedForEncodings = 1;
			mainGroup = 29B97314FDCFA39411CA2CEA /* CustomTemplate */;
			projectDirPath = "";
			projectRoot = "";
			targets = (
				1D6058900D05DD3D006BFB54 /* RNERadio.app */,
				658687520ECEFB9100EB9D99 /* Unit tests */,
				6582EC610F029C9200E7051A /* FIFMRadio.app */,
				65BD5E050F09B08000D283D4 /* KissRadio.app */,
				A7FA12C00F16B2800067633A /* COPERadio */,
			);
		};
/* End PBXProject section */

/* Begin PBXResourcesBuildPhase section */
		1D60588D0D05DD3D006BFB54 /* Resources */ = {
			isa = PBXResourcesBuildPhase;
			buildActionMask = 2147483647;
			files = (
				28AD733F0D9D9553002E5188 /* MainWindow.xib in Resources */,
				2899E5220DE3E06400AC0155 /* radio3ViewController.xib in Resources */,
				A7A28D8B0EC7781700963966 /* Icon.png in Resources */,
				A72D13BD0EC7A06800CBB890 /* Default.png in Resources */,
				A73C066A0EC851E700A1B6F5 /* background.png in Resources */,
				65AC95670ED4AEEF00ADD701 /* radios.plist in Resources */,
				651606940ED883BC0031CDBE /* rowBackground.png in Resources */,
				651606CA0ED8A2C00031CDBE /* play.png in Resources */,
				651606CD0ED8A5D70031CDBE /* pause.png in Resources */,
				65D36A010ED9FD36009A548C /* altavoz.png in Resources */,
				6534D1710EDCA968008B1124 /* volume-thumb.png in Resources */,
				6534D1720EDCA968008B1124 /* volume-track.png in Resources */,
				65E102F10EE06051009FA316 /* InfoView.xib in Resources */,
				65E1033A0EE069B3009FA316 /* RadiosView.xib in Resources */,
				65255AD90EE574C100F4142C /* play-hl.png in Resources */,
				6581FAD10EE6CD9100441607 /* pause-hl.png in Resources */,
				6581FB3A0EE73DF700441607 /* loading_0.png in Resources */,
				6581FB3B0EE73DF700441607 /* loading_1.png in Resources */,
				6581FB3C0EE73DF700441607 /* loading_2.png in Resources */,
				6581FB3D0EE73DF700441607 /* loading_3.png in Resources */,
				A756BCB60EE9497200BECFFA /* entl.plist in Resources */,
				6576DD330EEF2992004370D6 /* altavoz-on.png in Resources */,
				656A605E0EF196EF004CE686 /* iTunesArtwork in Resources */,
			);
			runOnlyForDeploymentPostprocessing = 0;
		};
		6582EC5E0F029C9200E7051A /* Resources */ = {
			isa = PBXResourcesBuildPhase;
			buildActionMask = 2147483647;
			files = (
				656BFC550F03B728006A3F15 /* entl.plist in Resources */,
				656BFC700F03B76F006A3F15 /* Icon.png in Resources */,
				656BFC710F03B76F006A3F15 /* iTunesArtwork in Resources */,
				656BFC740F03B7F7006A3F15 /* MainWindow.xib in Resources */,
				656BFC780F03B897006A3F15 /* FIViewController.xib in Resources */,
			);
			runOnlyForDeploymentPostprocessing = 0;
		};
		6586874F0ECEFB9100EB9D99 /* Resources */ = {
			isa = PBXResourcesBuildPhase;
			buildActionMask = 2147483647;
			files = (
			);
			runOnlyForDeploymentPostprocessing = 0;
		};
		65BD5E020F09B08000D283D4 /* Resources */ = {
			isa = PBXResourcesBuildPhase;
			buildActionMask = 2147483647;
			files = (
				65BD5E250F09B9F000D283D4 /* Icon.png in Resources */,
				65BD5E260F09B9F000D283D4 /* iTunesArtwork in Resources */,
			);
			runOnlyForDeploymentPostprocessing = 0;
		};
		A7FA12BD0F16B2800067633A /* Resources */ = {
			isa = PBXResourcesBuildPhase;
			buildActionMask = 2147483647;
			files = (
				A7FA12E60F16B2F70067633A /* COPEViewController.xib in Resources */,
				A7FA12E70F16B3000067633A /* MainWindow.xib in Resources */,
				65F6F0D00F18FD6700B0B070 /* radios.plist in Resources */,
				65F6F12A0F190A0F00B0B070 /* Default.png in Resources */,
				65F6F13A0F190B9E00B0B070 /* bottom-bar.png in Resources */,
				65F6F13B0F190B9E00B0B070 /* loading_0.png in Resources */,
				65F6F13C0F190B9E00B0B070 /* loading_1.png in Resources */,
				65F6F13D0F190B9E00B0B070 /* loading_2.png in Resources */,
				65F6F13E0F190B9E00B0B070 /* loading_3.png in Resources */,
				65F6F13F0F190B9E00B0B070 /* pause-hl.png in Resources */,
				65F6F1400F190B9E00B0B070 /* pause.png in Resources */,
				65F6F1410F190B9E00B0B070 /* play-hl.png in Resources */,
				65F6F1420F190B9E00B0B070 /* play.png in Resources */,
				65F6F1430F190B9E00B0B070 /* top-bar.png in Resources */,
				65F6F1440F190B9E00B0B070 /* volume-thumb.png in Resources */,
				65F6F1450F190B9E00B0B070 /* volume-track.png in Resources */,
				65F6F14B0F190DF400B0B070 /* background.png in Resources */,
				65F6F14C0F190DF400B0B070 /* cope-icon-hl.png in Resources */,
				65F6F14D0F190DF400B0B070 /* cope-icon.png in Resources */,
				65F6F14E0F190DF400B0B070 /* needle.png in Resources */,
				65F6F14F0F190DF400B0B070 /* rng-icon-hl.png in Resources */,
				65F6F1510F190E3600B0B070 /* rng-icon.png in Resources */,
				65F6F1940F19170700B0B070 /* InfoView.xib in Resources */,
				65F6F19A0F19198F00B0B070 /* RadiosView.xib in Resources */,
			);
			runOnlyForDeploymentPostprocessing = 0;
		};
/* End PBXResourcesBuildPhase section */

/* Begin PBXShellScriptBuildPhase section */
		656354910EF9472C00AD52AE /* Update build number */ = {
			isa = PBXShellScriptBuildPhase;
			buildActionMask = 2147483647;
			files = (
			);
			inputPaths = (
			);
			name = "Update build number";
			outputPaths = (
			);
			runOnlyForDeploymentPostprocessing = 0;
			shellPath = /bin/sh;
			shellScript = "PATH=$PATH:/opt/local/bin\n\n/usr/bin/env ruby ${PROJECT_DIR}/Scripts/update_build_number.rb ${PROJECT_DIR} ${PROJECT_DIR}/${INFOPLIST_FILE}\n";
			showEnvVarsInLog = 0;
		};
		6582EC6B0F029CB100E7051A /* Update build number */ = {
			isa = PBXShellScriptBuildPhase;
			buildActionMask = 2147483647;
			files = (
			);
			inputPaths = (
			);
			name = "Update build number";
			outputPaths = (
			);
			runOnlyForDeploymentPostprocessing = 0;
			shellPath = /bin/sh;
			shellScript = "PATH=$PATH:/opt/local/bin\n\n/usr/bin/env ruby ${PROJECT_DIR}/Scripts/update_build_number.rb ${PROJECT_DIR} ${PROJECT_DIR}/${INFOPLIST_FILE}\n";
			showEnvVarsInLog = 0;
		};
		658687630ECEFC0700EB9D99 /* Run Unit Tests */ = {
			isa = PBXShellScriptBuildPhase;
			buildActionMask = 2147483647;
			files = (
			);
			inputPaths = (
			);
			name = "Run Unit Tests";
			outputPaths = (
			);
			runOnlyForDeploymentPostprocessing = 0;
			shellPath = /bin/sh;
			shellScript = "/usr/local/google-toolbox-for-mac-1-5-1/UnitTesting/RunIPhoneUnitTest.sh\n";
		};
		65BD5E120F09B11700D283D4 /* Update build number */ = {
			isa = PBXShellScriptBuildPhase;
			buildActionMask = 2147483647;
			files = (
			);
			inputPaths = (
			);
			name = "Update build number";
			outputPaths = (
			);
			runOnlyForDeploymentPostprocessing = 0;
			shellPath = /bin/sh;
			shellScript = "PATH=$PATH:/opt/local/bin\n\n/usr/bin/env ruby ${PROJECT_DIR}/Scripts/update_build_number.rb ${PROJECT_DIR} ${PROJECT_DIR}/${INFOPLIST_FILE}\n";
			showEnvVarsInLog = 0;
		};
		65F6F07A0F18F4FC00B0B070 /* Update build number */ = {
			isa = PBXShellScriptBuildPhase;
			buildActionMask = 2147483647;
			files = (
			);
			inputPaths = (
			);
			name = "Update build number";
			outputPaths = (
			);
			runOnlyForDeploymentPostprocessing = 0;
			shellPath = /bin/sh;
			shellScript = "PATH=$PATH:/opt/local/bin\n\n/usr/bin/env ruby ${PROJECT_DIR}/Scripts/update_build_number.rb ${PROJECT_DIR} ${PROJECT_DIR}/${INFOPLIST_FILE}\n";
			showEnvVarsInLog = 0;
		};
/* End PBXShellScriptBuildPhase section */

/* Begin PBXSourcesBuildPhase section */
		1D60588E0D05DD3D006BFB54 /* Sources */ = {
			isa = PBXSourcesBuildPhase;
			buildActionMask = 2147483647;
			files = (
				1D60589B0D05DD56006BFB54 /* main.m in Sources */,
				1D3623260D0F684500981E51 /* radio3AppDelegate.m in Sources */,
				28D7ACF80DDB3853001CB0EB /* radio3ViewController.m in Sources */,
				A7EF8EB70EC6E85A004FE559 /* AudioClass.m in Sources */,
				654B1E560ECDFDD500E28E7E /* RNM3UParser.m in Sources */,
				65C452940EED3D77006AB1DD /* Reachability.m in Sources */,
				65FD71870EF9AC4600C6FBD6 /* RNFileLogger.m in Sources */,
			);
			runOnlyForDeploymentPostprocessing = 0;
		};
		6582EC5F0F029C9200E7051A /* Sources */ = {
			isa = PBXSourcesBuildPhase;
			buildActionMask = 2147483647;
			files = (
				656BFC380F03A4FD006A3F15 /* FIAppDelegate.m in Sources */,
				656BFC440F03A80E006A3F15 /* FIViewController.m in Sources */,
				656BFC4B0F03B6E0006A3F15 /* AudioClass.m in Sources */,
				656BFC4C0F03B6E3006A3F15 /* Reachability.m in Sources */,
				656BFC4D0F03B6E6006A3F15 /* RNFileLogger.m in Sources */,
				656BFC540F03B724006A3F15 /* main.m in Sources */,
				652834A40F085C6D001CEA65 /* FIShoutcastMetadataFilter.m in Sources */,
			);
			runOnlyForDeploymentPostprocessing = 0;
		};
		658687500ECEFB9100EB9D99 /* Sources */ = {
			isa = PBXSourcesBuildPhase;
			buildActionMask = 2147483647;
			files = (
				658687900ECF023100EB9D99 /* GTMIPhoneUnitTestDelegate.m in Sources */,
				658687910ECF023100EB9D99 /* GTMIPhoneUnitTestMain.m in Sources */,
				658687920ECF023100EB9D99 /* GTMSenTestCase.m in Sources */,
				658687A00ECF03A000EB9D99 /* RNM3UParser.m in Sources */,
				658687A30ECF040200EB9D99 /* RNM3UParserTest.m in Sources */,
			);
			runOnlyForDeploymentPostprocessing = 0;
		};
		65BD5E030F09B08000D283D4 /* Sources */ = {
			isa = PBXSourcesBuildPhase;
			buildActionMask = 2147483647;
			files = (
				65BD5E190F09B1A100D283D4 /* main.m in Sources */,
				65BD5E1A0F09B1AD00D283D4 /* Reachability.m in Sources */,
				65BD5E1B0F09B1AF00D283D4 /* RNFileLogger.m in Sources */,
				65BD5E210F09B2CF00D283D4 /* KSViewController.m in Sources */,
				65BD5E220F09B2D300D283D4 /* KSAppDelegate.m in Sources */,
			);
			runOnlyForDeploymentPostprocessing = 0;
		};
		A7FA12BE0F16B2800067633A /* Sources */ = {
			isa = PBXSourcesBuildPhase;
			buildActionMask = 2147483647;
			files = (
				65F6F07D0F18F55400B0B070 /* AudioClass.m in Sources */,
				65F6F07E0F18F55600B0B070 /* COPEAppDelegate.m in Sources */,
				65F6F07F0F18F55700B0B070 /* COPEViewController.m in Sources */,
				65F6F0800F18F56100B0B070 /* Reachability.m in Sources */,
				65F6F0810F18F56300B0B070 /* RNFileLogger.m in Sources */,
				65F6F0820F18F56900B0B070 /* RNM3UParser.m in Sources */,
				65F6F0830F18F57300B0B070 /* main.m in Sources */,
			);
			runOnlyForDeploymentPostprocessing = 0;
		};
/* End PBXSourcesBuildPhase section */

/* Begin XCBuildConfiguration section */
		1D6058940D05DD3E006BFB54 /* Debug */ = {
			isa = XCBuildConfiguration;
			buildSettings = {
				ALWAYS_SEARCH_USER_PATHS = NO;
				"CODE_SIGN_IDENTITY[sdk=iphoneos*]" = "";
				COPY_PHASE_STRIP = NO;
				GCC_DYNAMIC_NO_PIC = NO;
				GCC_OPTIMIZATION_LEVEL = 0;
				GCC_PRECOMPILE_PREFIX_HEADER = YES;
				GCC_PREFIX_HEADER = radio3_Prefix.pch;
				INFOPLIST_FILE = Resources/RNERadio/Info.plist;
				PRODUCT_NAME = "RNE Radio";
			};
			name = Debug;
		};
		1D6058950D05DD3E006BFB54 /* Release */ = {
			isa = XCBuildConfiguration;
			buildSettings = {
				ALWAYS_SEARCH_USER_PATHS = NO;
				COPY_PHASE_STRIP = YES;
				GCC_PRECOMPILE_PREFIX_HEADER = YES;
				GCC_PREFIX_HEADER = radio3_Prefix.pch;
				INFOPLIST_FILE = Resources/RNERadio/Info.plist;
				PRODUCT_NAME = RNERadio;
			};
			name = Release;
		};
		656A60760EF197EC004CE686 /* Beta */ = {
			isa = XCBuildConfiguration;
			buildSettings = {
				ARCHS = "$(ARCHS_STANDARD_32_BIT)";
				"CODE_SIGN_IDENTITY[sdk=iphoneos*]" = "";
				GCC_C_LANGUAGE_STANDARD = c99;
				GCC_PREPROCESSOR_DEFINITIONS = BETA;
				GCC_WARN_ABOUT_RETURN_TYPE = YES;
				GCC_WARN_UNUSED_VARIABLE = YES;
				PREBINDING = NO;
				PROVISIONING_PROFILE = DefaultProfileUuid;
				SDKROOT = iphoneos2.2;
			};
			name = Beta;
		};
		656A60770EF197EC004CE686 /* Beta */ = {
			isa = XCBuildConfiguration;
			buildSettings = {
				ALWAYS_SEARCH_USER_PATHS = NO;
				CODE_SIGN_ENTITLEMENTS = Resources/entl.plist;
				"CODE_SIGN_IDENTITY[sdk=iphoneos*]" = "iPhone Distribution: Daniel Rodríguez Troitiño";
				COPY_PHASE_STRIP = YES;
				GCC_PRECOMPILE_PREFIX_HEADER = YES;
				GCC_PREFIX_HEADER = radio3_Prefix.pch;
				INFOPLIST_FILE = Resources/RNERadio/Info.plist;
				PRODUCT_NAME = "RNE Radio";
				"PROVISIONING_PROFILE[sdk=iphoneos*]" = "30DB0352-B806-4E33-A91F-3C72A3ADAF25";
			};
			name = Beta;
		};
		656A60780EF197EC004CE686 /* Beta */ = {
			isa = XCBuildConfiguration;
			buildSettings = {
				ALWAYS_SEARCH_USER_PATHS = NO;
				CODE_SIGN_IDENTITY = "iPhone Developer";
				COPY_PHASE_STRIP = YES;
				DEBUG_INFORMATION_FORMAT = "dwarf-with-dsym";
				GCC_ENABLE_FIX_AND_CONTINUE = NO;
				GCC_PRECOMPILE_PREFIX_HEADER = YES;
				GCC_PREFIX_HEADER = "$(SYSTEM_LIBRARY_DIR)/Frameworks/UIKit.framework/Headers/UIKit.h";
				GCC_PREPROCESSOR_DEFINITIONS = TESTING;
				INFOPLIST_FILE = "Unit tests-Info.plist";
				INSTALL_PATH = "$(HOME)/Applications";
				OTHER_LDFLAGS = (
					"-framework",
					Foundation,
					"-framework",
					UIKit,
				);
				PREBINDING = NO;
				PRODUCT_NAME = "Unit tests";
				SDKROOT = iphoneos2.1;
				ZERO_LINK = NO;
			};
			name = Beta;
		};
		656A60930EF19BCC004CE686 /* Distribution */ = {
			isa = XCBuildConfiguration;
			buildSettings = {
				ARCHS = "$(ARCHS_STANDARD_32_BIT)";
				CODE_SIGN_IDENTITY = "";
				"CODE_SIGN_IDENTITY[sdk=iphoneos2.1]" = "";
				GCC_C_LANGUAGE_STANDARD = c99;
				GCC_PREPROCESSOR_DEFINITIONS = "";
				GCC_WARN_ABOUT_RETURN_TYPE = YES;
				GCC_WARN_UNUSED_VARIABLE = YES;
				PREBINDING = NO;
				PROVISIONING_PROFILE = DefaultProfileUuid;
				SDKROOT = iphoneos2.2;
			};
			name = Distribution;
		};
		656A60940EF19BCC004CE686 /* Distribution */ = {
			isa = XCBuildConfiguration;
			buildSettings = {
				ALWAYS_SEARCH_USER_PATHS = NO;
				"CODE_SIGN_IDENTITY[sdk=iphoneos*]" = "iPhone Distribution: Daniel Rodríguez Troitiño";
				COPY_PHASE_STRIP = YES;
				GCC_PRECOMPILE_PREFIX_HEADER = YES;
				GCC_PREFIX_HEADER = radio3_Prefix.pch;
				INFOPLIST_FILE = Resources/RNERadio/Info.plist;
				PRODUCT_NAME = "RNE Radio";
				"PROVISIONING_PROFILE[sdk=iphoneos*]" = "A1A47762-F15A-41A9-9ED0-493F64EEFACA";
			};
			name = Distribution;
		};
		656A60950EF19BCC004CE686 /* Distribution */ = {
			isa = XCBuildConfiguration;
			buildSettings = {
				ALWAYS_SEARCH_USER_PATHS = NO;
				CODE_SIGN_IDENTITY = "iPhone Developer";
				COPY_PHASE_STRIP = YES;
				DEBUG_INFORMATION_FORMAT = "dwarf-with-dsym";
				GCC_ENABLE_FIX_AND_CONTINUE = NO;
				GCC_PRECOMPILE_PREFIX_HEADER = YES;
				GCC_PREFIX_HEADER = "$(SYSTEM_LIBRARY_DIR)/Frameworks/UIKit.framework/Headers/UIKit.h";
				GCC_PREPROCESSOR_DEFINITIONS = TESTING;
				INFOPLIST_FILE = "Unit tests-Info.plist";
				INSTALL_PATH = "$(HOME)/Applications";
				OTHER_LDFLAGS = (
					"-framework",
					Foundation,
					"-framework",
					UIKit,
				);
				PREBINDING = NO;
				PRODUCT_NAME = "Unit tests";
				SDKROOT = iphoneos2.1;
				ZERO_LINK = NO;
			};
			name = Distribution;
		};
		6582EC650F029C9300E7051A /* Debug */ = {
			isa = XCBuildConfiguration;
			buildSettings = {
				ALWAYS_SEARCH_USER_PATHS = NO;
				CODE_SIGN_IDENTITY = "iPhone Developer";
				COPY_PHASE_STRIP = NO;
				GCC_DYNAMIC_NO_PIC = NO;
				GCC_OPTIMIZATION_LEVEL = 0;
				GCC_PRECOMPILE_PREFIX_HEADER = YES;
				GCC_PREFIX_HEADER = radio3_Prefix.pch;
				INFOPLIST_FILE = "Resources/FIFMRadio/RadioFIFM-Info.plist";
				INSTALL_PATH = "$(HOME)/Applications";
				OTHER_LDFLAGS = (
					"-framework",
					Foundation,
					"-framework",
					UIKit,
				);
				PREBINDING = NO;
				PRODUCT_NAME = "FI-FM Radio";
				SDKROOT = iphoneos2.2;
			};
			name = Debug;
		};
		6582EC660F029C9300E7051A /* Release */ = {
			isa = XCBuildConfiguration;
			buildSettings = {
				ALWAYS_SEARCH_USER_PATHS = NO;
				CODE_SIGN_IDENTITY = "iPhone Developer";
				COPY_PHASE_STRIP = YES;
				DEBUG_INFORMATION_FORMAT = "dwarf-with-dsym";
				GCC_ENABLE_FIX_AND_CONTINUE = NO;
				GCC_PRECOMPILE_PREFIX_HEADER = YES;
				GCC_PREFIX_HEADER = radio3_Prefix.pch;
				INFOPLIST_FILE = "RadioFIFM-Info.plist";
				INSTALL_PATH = "$(HOME)/Applications";
				OTHER_LDFLAGS = (
					"-framework",
					Foundation,
					"-framework",
					UIKit,
				);
				PREBINDING = NO;
				PRODUCT_NAME = RadioFIFM;
				SDKROOT = iphoneos2.2;
				ZERO_LINK = NO;
			};
			name = Release;
		};
		6582EC670F029C9300E7051A /* Distribution */ = {
			isa = XCBuildConfiguration;
			buildSettings = {
				ALWAYS_SEARCH_USER_PATHS = NO;
				CODE_SIGN_IDENTITY = "iPhone Developer";
				GCC_PRECOMPILE_PREFIX_HEADER = YES;
				GCC_PREFIX_HEADER = radio3_Prefix.pch;
				INFOPLIST_FILE = "RadioFIFM-Info.plist";
				INSTALL_PATH = "$(HOME)/Applications";
				OTHER_LDFLAGS = (
					"-framework",
					Foundation,
					"-framework",
					UIKit,
				);
				PREBINDING = NO;
				PRODUCT_NAME = RadioFIFM;
				SDKROOT = iphoneos2.2;
			};
			name = Distribution;
		};
		6582EC680F029C9300E7051A /* Beta */ = {
			isa = XCBuildConfiguration;
			buildSettings = {
				ALWAYS_SEARCH_USER_PATHS = NO;
				CODE_SIGN_IDENTITY = "iPhone Developer";
				GCC_PRECOMPILE_PREFIX_HEADER = YES;
				GCC_PREFIX_HEADER = radio3_Prefix.pch;
				INFOPLIST_FILE = "RadioFIFM-Info.plist";
				INSTALL_PATH = "$(HOME)/Applications";
				OTHER_LDFLAGS = (
					"-framework",
					Foundation,
					"-framework",
					UIKit,
				);
				PREBINDING = NO;
				PRODUCT_NAME = RadioFIFM;
				SDKROOT = iphoneos2.2;
			};
			name = Beta;
		};
		658687560ECEFB9200EB9D99 /* Debug */ = {
			isa = XCBuildConfiguration;
			buildSettings = {
				ALWAYS_SEARCH_USER_PATHS = NO;
				CODE_SIGN_IDENTITY = "iPhone Developer";
				COPY_PHASE_STRIP = NO;
				GCC_DYNAMIC_NO_PIC = NO;
				GCC_OPTIMIZATION_LEVEL = 0;
				GCC_PRECOMPILE_PREFIX_HEADER = YES;
				GCC_PREFIX_HEADER = "$(SYSTEM_LIBRARY_DIR)/Frameworks/UIKit.framework/Headers/UIKit.h";
				GCC_PREPROCESSOR_DEFINITIONS = TESTING;
				INFOPLIST_FILE = "Unit tests-Info.plist";
				INSTALL_PATH = "$(HOME)/Applications";
				OTHER_LDFLAGS = (
					"-framework",
					Foundation,
					"-framework",
					UIKit,
				);
				PREBINDING = NO;
				PRODUCT_NAME = "Unit tests";
				SDKROOT = iphoneos2.1;
			};
			name = Debug;
		};
		658687570ECEFB9200EB9D99 /* Release */ = {
			isa = XCBuildConfiguration;
			buildSettings = {
				ALWAYS_SEARCH_USER_PATHS = NO;
				CODE_SIGN_IDENTITY = "iPhone Developer";
				COPY_PHASE_STRIP = YES;
				DEBUG_INFORMATION_FORMAT = "dwarf-with-dsym";
				GCC_ENABLE_FIX_AND_CONTINUE = NO;
				GCC_PRECOMPILE_PREFIX_HEADER = YES;
				GCC_PREFIX_HEADER = "$(SYSTEM_LIBRARY_DIR)/Frameworks/UIKit.framework/Headers/UIKit.h";
				GCC_PREPROCESSOR_DEFINITIONS = TESTING;
				INFOPLIST_FILE = "Unit tests-Info.plist";
				INSTALL_PATH = "$(HOME)/Applications";
				OTHER_LDFLAGS = (
					"-framework",
					Foundation,
					"-framework",
					UIKit,
				);
				PREBINDING = NO;
				PRODUCT_NAME = "Unit tests";
				SDKROOT = iphoneos2.1;
				ZERO_LINK = NO;
			};
			name = Release;
		};
		65BD5E090F09B08200D283D4 /* Debug */ = {
			isa = XCBuildConfiguration;
			buildSettings = {
				ALWAYS_SEARCH_USER_PATHS = NO;
				CODE_SIGN_IDENTITY = "iPhone Developer";
				COPY_PHASE_STRIP = NO;
				GCC_DYNAMIC_NO_PIC = NO;
				GCC_OPTIMIZATION_LEVEL = 0;
				GCC_PRECOMPILE_PREFIX_HEADER = YES;
				GCC_PREFIX_HEADER = "$(SYSTEM_LIBRARY_DIR)/Frameworks/UIKit.framework/Headers/UIKit.h";
				INFOPLIST_FILE = "Resources/KissRadio/KissRadio-Info.plist";
				INSTALL_PATH = "$(HOME)/Applications";
				OTHER_LDFLAGS = (
					"-framework",
					Foundation,
					"-framework",
					UIKit,
				);
				PREBINDING = NO;
				PRODUCT_NAME = "Kiss Radio";
				SDKROOT = iphoneos2.2;
			};
			name = Debug;
		};
		65BD5E0A0F09B08200D283D4 /* Release */ = {
			isa = XCBuildConfiguration;
			buildSettings = {
				ALWAYS_SEARCH_USER_PATHS = NO;
				CODE_SIGN_IDENTITY = "iPhone Developer";
				COPY_PHASE_STRIP = YES;
				DEBUG_INFORMATION_FORMAT = "dwarf-with-dsym";
				GCC_ENABLE_FIX_AND_CONTINUE = NO;
				GCC_PRECOMPILE_PREFIX_HEADER = YES;
				GCC_PREFIX_HEADER = "$(SYSTEM_LIBRARY_DIR)/Frameworks/UIKit.framework/Headers/UIKit.h";
				INFOPLIST_FILE = "Resources/KissRadio/KissRadio-Info.plist";
				INSTALL_PATH = "$(HOME)/Applications";
				OTHER_LDFLAGS = (
					"-framework",
					Foundation,
					"-framework",
					UIKit,
				);
				PREBINDING = NO;
				PRODUCT_NAME = "Kiss Radio";
				SDKROOT = iphoneos2.2;
				ZERO_LINK = NO;
			};
			name = Release;
		};
		65BD5E0B0F09B08200D283D4 /* Distribution */ = {
			isa = XCBuildConfiguration;
			buildSettings = {
				ALWAYS_SEARCH_USER_PATHS = NO;
				CODE_SIGN_IDENTITY = "iPhone Developer";
				GCC_PRECOMPILE_PREFIX_HEADER = YES;
				GCC_PREFIX_HEADER = "$(SYSTEM_LIBRARY_DIR)/Frameworks/UIKit.framework/Headers/UIKit.h";
				INFOPLIST_FILE = "Resources/KissRadio/KissRadio-Info.plist";
				INSTALL_PATH = "$(HOME)/Applications";
				OTHER_LDFLAGS = (
					"-framework",
					Foundation,
					"-framework",
					UIKit,
				);
				PREBINDING = NO;
				PRODUCT_NAME = "Kiss Radio";
				SDKROOT = iphoneos2.2;
			};
			name = Distribution;
		};
		65BD5E0C0F09B08200D283D4 /* Beta */ = {
			isa = XCBuildConfiguration;
			buildSettings = {
				ALWAYS_SEARCH_USER_PATHS = NO;
				CODE_SIGN_IDENTITY = "iPhone Developer";
				GCC_PRECOMPILE_PREFIX_HEADER = YES;
				GCC_PREFIX_HEADER = "$(SYSTEM_LIBRARY_DIR)/Frameworks/UIKit.framework/Headers/UIKit.h";
				INFOPLIST_FILE = "Resources/KissRadio/KissRadio-Info.plist";
				INSTALL_PATH = "$(HOME)/Applications";
				OTHER_LDFLAGS = (
					"-framework",
					Foundation,
					"-framework",
					UIKit,
				);
				PREBINDING = NO;
				PRODUCT_NAME = "Kiss Radio";
				SDKROOT = iphoneos2.2;
			};
			name = Beta;
		};
		A7FA12C40F16B2810067633A /* Debug */ = {
			isa = XCBuildConfiguration;
			buildSettings = {
				ALWAYS_SEARCH_USER_PATHS = NO;
				CODE_SIGN_IDENTITY = "iPhone Developer";
				COPY_PHASE_STRIP = NO;
				GCC_DYNAMIC_NO_PIC = NO;
				GCC_OPTIMIZATION_LEVEL = 0;
				GCC_PRECOMPILE_PREFIX_HEADER = YES;
				GCC_PREFIX_HEADER = radio3_Prefix.pch;
				INFOPLIST_FILE = "Resources/COPERadio/COPERadio-Info.plist";
				INSTALL_PATH = "$(HOME)/Applications";
				OTHER_LDFLAGS = (
					"-framework",
					Foundation,
					"-framework",
					UIKit,
				);
				PREBINDING = NO;
				PRODUCT_NAME = COPERadio;
				SDKROOT = iphoneos2.2;
			};
			name = Debug;
		};
		A7FA12C50F16B2810067633A /* Release */ = {
			isa = XCBuildConfiguration;
			buildSettings = {
				ALWAYS_SEARCH_USER_PATHS = NO;
				CODE_SIGN_IDENTITY = "iPhone Developer";
				COPY_PHASE_STRIP = YES;
				DEBUG_INFORMATION_FORMAT = "dwarf-with-dsym";
				GCC_ENABLE_FIX_AND_CONTINUE = NO;
				GCC_PRECOMPILE_PREFIX_HEADER = YES;
				GCC_PREFIX_HEADER = radio3_Prefix.pch;
				INFOPLIST_FILE = "Resources/COPERadio/COPERadio-Info.plist";
				INSTALL_PATH = "$(HOME)/Applications";
				OTHER_LDFLAGS = (
					"-framework",
					Foundation,
					"-framework",
					UIKit,
				);
				PREBINDING = NO;
				PRODUCT_NAME = COPERadio;
				SDKROOT = iphoneos2.2;
				ZERO_LINK = NO;
			};
			name = Release;
		};
		A7FA12C60F16B2810067633A /* Distribution */ = {
			isa = XCBuildConfiguration;
			buildSettings = {
				ALWAYS_SEARCH_USER_PATHS = NO;
				CODE_SIGN_IDENTITY = "iPhone Developer";
				GCC_PRECOMPILE_PREFIX_HEADER = YES;
				GCC_PREFIX_HEADER = radio3_Prefix.pch;
				INFOPLIST_FILE = "Resources/COPERadio/COPERadio-Info.plist";
				INSTALL_PATH = "$(HOME)/Applications";
				OTHER_LDFLAGS = (
					"-framework",
					Foundation,
					"-framework",
					UIKit,
				);
				PREBINDING = NO;
				PRODUCT_NAME = COPERadio;
				SDKROOT = iphoneos2.2;
			};
			name = Distribution;
		};
		A7FA12C70F16B2810067633A /* Beta */ = {
			isa = XCBuildConfiguration;
			buildSettings = {
				ALWAYS_SEARCH_USER_PATHS = NO;
				CODE_SIGN_IDENTITY = "iPhone Developer";
				GCC_PRECOMPILE_PREFIX_HEADER = YES;
				GCC_PREFIX_HEADER = radio3_Prefix.pch;
				INFOPLIST_FILE = "Resources/COPERadio/COPERadio-Info.plist";
				INSTALL_PATH = "$(HOME)/Applications";
				OTHER_LDFLAGS = (
					"-framework",
					Foundation,
					"-framework",
					UIKit,
				);
				PREBINDING = NO;
				PRODUCT_NAME = COPERadio;
				SDKROOT = iphoneos2.2;
			};
			name = Beta;
		};
		C01FCF4F08A954540054247B /* Debug */ = {
			isa = XCBuildConfiguration;
			buildSettings = {
				ARCHS = "$(ARCHS_STANDARD_32_BIT)";
				CODE_SIGN_IDENTITY = "";
				"CODE_SIGN_IDENTITY[sdk=iphoneos2.1]" = "";
				GCC_C_LANGUAGE_STANDARD = c99;
				GCC_PREPROCESSOR_DEFINITIONS = DEBUG;
				GCC_WARN_ABOUT_RETURN_TYPE = YES;
				GCC_WARN_UNUSED_VARIABLE = YES;
				ONLY_ACTIVE_ARCH = YES;
				PREBINDING = NO;
				PROVISIONING_PROFILE = DefaultProfileUuid;
				SDKROOT = iphoneos2.2;
			};
			name = Debug;
		};
		C01FCF5008A954540054247B /* Release */ = {
			isa = XCBuildConfiguration;
			buildSettings = {
				ARCHS = "$(ARCHS_STANDARD_32_BIT)";
				GCC_C_LANGUAGE_STANDARD = c99;
				GCC_PREPROCESSOR_DEFINITIONS = "";
				GCC_WARN_ABOUT_RETURN_TYPE = YES;
				GCC_WARN_UNUSED_VARIABLE = YES;
				PREBINDING = NO;
				SDKROOT = iphoneos2.2;
			};
			name = Release;
		};
/* End XCBuildConfiguration section */

/* Begin XCConfigurationList section */
		1D6058960D05DD3E006BFB54 /* Build configuration list for PBXNativeTarget "RNERadio.app" */ = {
			isa = XCConfigurationList;
			buildConfigurations = (
				1D6058940D05DD3E006BFB54 /* Debug */,
				1D6058950D05DD3E006BFB54 /* Release */,
				656A60940EF19BCC004CE686 /* Distribution */,
				656A60770EF197EC004CE686 /* Beta */,
			);
			defaultConfigurationIsVisible = 0;
			defaultConfigurationName = Release;
		};
		6582EC690F029C9300E7051A /* Build configuration list for PBXNativeTarget "FIFMRadio.app" */ = {
			isa = XCConfigurationList;
			buildConfigurations = (
				6582EC650F029C9300E7051A /* Debug */,
				6582EC660F029C9300E7051A /* Release */,
				6582EC670F029C9300E7051A /* Distribution */,
				6582EC680F029C9300E7051A /* Beta */,
			);
			defaultConfigurationIsVisible = 0;
			defaultConfigurationName = Release;
		};
		658687580ECEFB9200EB9D99 /* Build configuration list for PBXNativeTarget "Unit tests" */ = {
			isa = XCConfigurationList;
			buildConfigurations = (
				658687560ECEFB9200EB9D99 /* Debug */,
				658687570ECEFB9200EB9D99 /* Release */,
				656A60950EF19BCC004CE686 /* Distribution */,
				656A60780EF197EC004CE686 /* Beta */,
			);
			defaultConfigurationIsVisible = 0;
			defaultConfigurationName = Release;
		};
		65BD5E0D0F09B08200D283D4 /* Build configuration list for PBXNativeTarget "KissRadio.app" */ = {
			isa = XCConfigurationList;
			buildConfigurations = (
				65BD5E090F09B08200D283D4 /* Debug */,
				65BD5E0A0F09B08200D283D4 /* Release */,
				65BD5E0B0F09B08200D283D4 /* Distribution */,
				65BD5E0C0F09B08200D283D4 /* Beta */,
			);
			defaultConfigurationIsVisible = 0;
			defaultConfigurationName = Release;
		};
		A7FA12C80F16B2820067633A /* Build configuration list for PBXNativeTarget "COPERadio" */ = {
			isa = XCConfigurationList;
			buildConfigurations = (
				A7FA12C40F16B2810067633A /* Debug */,
				A7FA12C50F16B2810067633A /* Release */,
				A7FA12C60F16B2810067633A /* Distribution */,
				A7FA12C70F16B2810067633A /* Beta */,
			);
			defaultConfigurationIsVisible = 0;
			defaultConfigurationName = Release;
		};
		C01FCF4E08A954540054247B /* Build configuration list for PBXProject "radio3" */ = {
			isa = XCConfigurationList;
			buildConfigurations = (
				C01FCF4F08A954540054247B /* Debug */,
				C01FCF5008A954540054247B /* Release */,
				656A60930EF19BCC004CE686 /* Distribution */,
				656A60760EF197EC004CE686 /* Beta */,
			);
			defaultConfigurationIsVisible = 0;
			defaultConfigurationName = Release;
		};
/* End XCConfigurationList section */
	};
	rootObject = 29B97313FDCFA39411CA2CEA /* Project object */;
}
